// !$*UTF8*$!
{
	archiveVersion = 1;
	classes = {
	};
	objectVersion = 46;
	objects = {

/* Begin PBXBuildFile section */
		0029A48A26BF698DE25B15E1 /* PrivateImageCache.swift in Sources */ = {isa = PBXBuildFile; fileRef = 1E6E8D2520119FF6A7129CA9 /* PrivateImageCache.swift */; };
		002D2CF70F0AA1C0E28F8F22 /* RemoteNote.swift in Sources */ = {isa = PBXBuildFile; fileRef = 2F940871290E8CD621DF8546 /* RemoteNote.swift */; };
		02D44C6E33A2DE693888A8EC /* Pairing.swift in Sources */ = {isa = PBXBuildFile; fileRef = AED09771DC5C95B2CA2188C8 /* Pairing.swift */; };
		0304076149229364E38CB8A8 /* VoiceNoteController.swift in Sources */ = {isa = PBXBuildFile; fileRef = 6A35627F4212DEE028F9A0A0 /* VoiceNoteController.swift */; };
		04391163AF4B727894C5432A /* Foundation.framework in Frameworks */ = {isa = PBXBuildFile; fileRef = 51C7D873D63E3B5FB4AA6842 /* Foundation.framework */; };
		04EFD805A274646B6B61CB88 /* Foundation.framework in Frameworks */ = {isa = PBXBuildFile; fileRef = 63D622475F5207FBC9CC5DB8 /* Foundation.framework */; };
		082316070D15852F88D5836D /* MonthlyReminderService.swift in Sources */ = {isa = PBXBuildFile; fileRef = 5A061225091C922828138034 /* MonthlyReminderService.swift */; };
		08B9B7250A5F1D3AB80389D8 /* PaperCreativeTools.swift in Sources */ = {isa = PBXBuildFile; fileRef = C68B19DEE060E1AB6B62F737 /* PaperCreativeTools.swift */; };
		0B2E9B917D8209D789F56EFC /* EditorInteractionTests.swift in Sources */ = {isa = PBXBuildFile; fileRef = 8688BACE480A357CB33EB690 /* EditorInteractionTests.swift */; };
		0DEC0115B0D9DA1B73F96C41 /* PhotoViewer.swift in Sources */ = {isa = PBXBuildFile; fileRef = 793761937193EC6D4C5C9CBB /* PhotoViewer.swift */; };
		0F61CF87EDE4A90A1199E917 /* PairNotesCore.framework in Frameworks */ = {isa = PBXBuildFile; fileRef = B25DE4C1C0C616CF87F162ED /* PairNotesCore.framework */; };
		10FE16011A699A54FFAC018B /* ServiceConfigurationTests.swift in Sources */ = {isa = PBXBuildFile; fileRef = BE0F14FACD03AE562D4EC20F /* ServiceConfigurationTests.swift */; };
		12AEA75BE6E4A1D23A4EA94B /* PairNotesWidgetBundle.swift in Sources */ = {isa = PBXBuildFile; fileRef = EB6F33F5AF7D0DF57D4B8FE7 /* PairNotesWidgetBundle.swift */; };
		14C873D16082CC2CEF87526C /* CoupleSpaceViews.swift in Sources */ = {isa = PBXBuildFile; fileRef = 20A57427CCCC7FFA4AFA9F9E /* CoupleSpaceViews.swift */; };
		19C622A29F7264D2CF1AC4FF /* HomeView.swift in Sources */ = {isa = PBXBuildFile; fileRef = 04751BC41DA7A76476262C15 /* HomeView.swift */; };
		1BD99BD014138D9BD9E97E7C /* CoupleChatHistory.swift in Sources */ = {isa = PBXBuildFile; fileRef = 0964986342C96DEF1972879B /* CoupleChatHistory.swift */; };
		1EEA8035D03B88C53F44210A /* NativePaperProbe.swift in Sources */ = {isa = PBXBuildFile; fileRef = 3E97C967520D23D216F9943B /* NativePaperProbe.swift */; };
		1FD3E1137929B10B01688F4D /* CoupleThemeStyle.swift in Sources */ = {isa = PBXBuildFile; fileRef = 6F602F69962A6ED07CD1F136 /* CoupleThemeStyle.swift */; };
		21750373F2760378F8EDA237 /* Foundation.framework in Frameworks */ = {isa = PBXBuildFile; fileRef = 63D622475F5207FBC9CC5DB8 /* Foundation.framework */; };
		22435CCAA6650525D26CEECD /* PairNotesCore.framework in Frameworks */ = {isa = PBXBuildFile; fileRef = B25DE4C1C0C616CF87F162ED /* PairNotesCore.framework */; };
		2A51503EB775F9B1A16F6722 /* WidgetNotePaperTests.swift in Sources */ = {isa = PBXBuildFile; fileRef = 4017AEFC9D1D7D89F70DD9DC /* WidgetNotePaperTests.swift */; };
		2C520D41EAAB762B6BA2836F /* CoupleThemeStyle.swift in Sources */ = {isa = PBXBuildFile; fileRef = 6F602F69962A6ED07CD1F136 /* CoupleThemeStyle.swift */; };
		2C960753364A837F40EEAEFC /* AppServices.swift in Sources */ = {isa = PBXBuildFile; fileRef = 90C0F66992450B0DB7430EAD /* AppServices.swift */; };
		2CD053BF5695F5EE88025B51 /* VoiceNoteViews.swift in Sources */ = {isa = PBXBuildFile; fileRef = 5F3F9A9DB9D9B675C7B0F55C /* VoiceNoteViews.swift */; };
		2F249FA988997A1A71D0C37C /* LetterComposerLayoutTests.swift in Sources */ = {isa = PBXBuildFile; fileRef = 394B9F0C1BDE68EE1B177088 /* LetterComposerLayoutTests.swift */; };
		31B6D8BF4F60374775F5D89F /* DraftLibraryView.swift in Sources */ = {isa = PBXBuildFile; fileRef = C47D0DE72CD3C7FB46CDDF48 /* DraftLibraryView.swift */; };
		31F218F886F6F1BADA75071C /* SharedMemory.swift in Sources */ = {isa = PBXBuildFile; fileRef = 17CE9F33F0A958C047B5C0BC /* SharedMemory.swift */; };
		33D49B32794362B2B9D4950C /* PhotoReactionIntents.swift in Sources */ = {isa = PBXBuildFile; fileRef = 01E463DF9B88CD4857AC4B66 /* PhotoReactionIntents.swift */; };
		362C1A8DE2C3785B8A54AAAE /* CoupleChatHistoryTests.swift in Sources */ = {isa = PBXBuildFile; fileRef = FEE4D0915AF80805E27161C5 /* CoupleChatHistoryTests.swift */; };
		37B8E44A005ACEC0247FE5DA /* WidgetAccessStore.swift in Sources */ = {isa = PBXBuildFile; fileRef = 0E6159B88137BF21592FC1F5 /* WidgetAccessStore.swift */; };
		38EF6E89BFA2F535DAD2B00B /* PairNotesCore.framework in Frameworks */ = {isa = PBXBuildFile; fileRef = B25DE4C1C0C616CF87F162ED /* PairNotesCore.framework */; };
		3A0C2A7E5825D39496493233 /* CoupleView.swift in Sources */ = {isa = PBXBuildFile; fileRef = 58CBEEFDE6F4C6C9F6F7C598 /* CoupleView.swift */; };
		3C10FF214F82D06F3592BB05 /* WidgetLocationRefreshTests.swift in Sources */ = {isa = PBXBuildFile; fileRef = 647C3789C9568E9629FAB245 /* WidgetLocationRefreshTests.swift */; };
		3C714597CD2C508B80AF6EDF /* NoteWidget.swift in Sources */ = {isa = PBXBuildFile; fileRef = 8D0037017CA46317C7DE86B8 /* NoteWidget.swift */; };
		3E03C66DFD0DB5E7E626758A /* LetterStationery.swift in Sources */ = {isa = PBXBuildFile; fileRef = C819CA5396C105519331CA24 /* LetterStationery.swift */; };
		3E8A96562BD6BBFCC7DF8950 /* AppleSignInRequest.swift in Sources */ = {isa = PBXBuildFile; fileRef = 71D121EEBCF3007D4F9EF373 /* AppleSignInRequest.swift */; };
		3ED69A09B944D4F746907801 /* PhotoHistoryService.swift in Sources */ = {isa = PBXBuildFile; fileRef = 6504F28C65A92649301C52F1 /* PhotoHistoryService.swift */; };
		40743ED38405792ED5FE3BB6 /* FileDraftStore.swift in Sources */ = {isa = PBXBuildFile; fileRef = 68BACBE62DC8C7E676F8B77D /* FileDraftStore.swift */; };
		47E38CF330814F694AEFE54A /* LocationSharingController.swift in Sources */ = {isa = PBXBuildFile; fileRef = 13C4562AA80463903AAA2C49 /* LocationSharingController.swift */; };
		4B0CFA5FF8FD945006ACFEFE /* MessageCompositionTests.swift in Sources */ = {isa = PBXBuildFile; fileRef = B1DDA8788D8B4A9DF7E9A5BB /* MessageCompositionTests.swift */; };
		4C0B5A720595E835B3D7573F /* CoupleDistancePresentation.swift in Sources */ = {isa = PBXBuildFile; fileRef = 825F922BC4FDFC6C6AC8243E /* CoupleDistancePresentation.swift */; };
		52047C4E1D4738C1BD60705A /* CoupleConversation.swift in Sources */ = {isa = PBXBuildFile; fileRef = 021EC57B02E9EED4827754E6 /* CoupleConversation.swift */; };
		53CF44C802DDB88D113A8063 /* PairPhotoActivityAttributes.swift in Sources */ = {isa = PBXBuildFile; fileRef = 4737210C7B9D72257EDC1C3F /* PairPhotoActivityAttributes.swift */; };
		53ECF3D241C9557C62387017 /* PhotoReactionIntents.swift in Sources */ = {isa = PBXBuildFile; fileRef = 01E463DF9B88CD4857AC4B66 /* PhotoReactionIntents.swift */; };
		58E292D37564894D87CB330E /* CouplePersonalization.swift in Sources */ = {isa = PBXBuildFile; fileRef = 2CD92B990CCA77A8143AC1CE /* CouplePersonalization.swift */; };
		5A1E9DF83AE8C1FE2F14D263 /* PhotoWidget.swift in Sources */ = {isa = PBXBuildFile; fileRef = 3403EC467A49980D54C898A4 /* PhotoWidget.swift */; };
		5B006E734F3B73855F87435E /* WidgetRemoteClient.swift in Sources */ = {isa = PBXBuildFile; fileRef = 231DFAA5F216363FBBAE49C4 /* WidgetRemoteClient.swift */; };
		632D1DDBD3E314F3AE98B526 /* PairNotesApp.swift in Sources */ = {isa = PBXBuildFile; fileRef = CE06981EDF620B0EEAAA7043 /* PairNotesApp.swift */; };
		64BF25EEB3D7C0AFAF57ACA6 /* DurableOutbox.swift in Sources */ = {isa = PBXBuildFile; fileRef = 0DCF6C102BAA62894E83BAA1 /* DurableOutbox.swift */; };
		64FB8ECFA0741011D1E6C048 /* PaperProbeDocument.swift in Sources */ = {isa = PBXBuildFile; fileRef = A7A11698F57327E9770EA541 /* PaperProbeDocument.swift */; };
		6C16CAFA3C9A9E42D13877A8 /* SharedMemoryViews.swift in Sources */ = {isa = PBXBuildFile; fileRef = EDC4E1984EE70769B13889BB /* SharedMemoryViews.swift */; };
		71008B407113C19722F14752 /* WidgetDistanceContent.swift in Sources */ = {isa = PBXBuildFile; fileRef = 535CB414541D0E5533EA196B /* WidgetDistanceContent.swift */; };
		73024FB115586A0466EEAB0E /* ChatConversationScrollView.swift in Sources */ = {isa = PBXBuildFile; fileRef = 2228B40AC1415219F0D70467 /* ChatConversationScrollView.swift */; };
		76FE0D8B3E12392DB5A1DEF1 /* WidgetDistanceContent.swift in Sources */ = {isa = PBXBuildFile; fileRef = 535CB414541D0E5533EA196B /* WidgetDistanceContent.swift */; };
		792EC88070547DA186B79BA9 /* SharedWidgetContainer.swift in Sources */ = {isa = PBXBuildFile; fileRef = 6BF2920A57ECD97A9EEDCF9D /* SharedWidgetContainer.swift */; };
		79F2BCB5287AE69D803D2E1D /* ChatInteractionFixture.swift in Sources */ = {isa = PBXBuildFile; fileRef = 5B7402A8C483EABF9951345E /* ChatInteractionFixture.swift */; };
		7A00278330197B1C3E30924B /* PairPhotoActivityAttributes.swift in Sources */ = {isa = PBXBuildFile; fileRef = 4737210C7B9D72257EDC1C3F /* PairPhotoActivityAttributes.swift */; };
		7AEAE8086498DCB0525F4845 /* PrivacyInfo.xcprivacy in Resources */ = {isa = PBXBuildFile; fileRef = 9C52C05971195800ECE84BBE /* PrivacyInfo.xcprivacy */; };
		7FF2F3874E2328F95BDD3AD0 /* CouplePhoto.swift in Sources */ = {isa = PBXBuildFile; fileRef = AB9D1AD005BACC480E0C0FAE /* CouplePhoto.swift */; };
		81A8875C4D0B4D54F602CB18 /* PhotoCropEditor.swift in Sources */ = {isa = PBXBuildFile; fileRef = 3E2CA06401CEB5C521B470C2 /* PhotoCropEditor.swift */; };
		844B5BF37569650374C7A4AC /* WidgetRemoteClientTests.swift in Sources */ = {isa = PBXBuildFile; fileRef = D4170A70B36FB74E36AF316E /* WidgetRemoteClientTests.swift */; };
		865B63DA869E0AF90471A42A /* WidgetRemoteClient.swift in Sources */ = {isa = PBXBuildFile; fileRef = 231DFAA5F216363FBBAE49C4 /* WidgetRemoteClient.swift */; };
		8EFDAB7C606C6E368AA988C3 /* ReactionBubble.swift in Sources */ = {isa = PBXBuildFile; fileRef = DB2F4F59CD2BABD6D2128D99 /* ReactionBubble.swift */; };
		8F16032F50054AF3855AC6FD /* Providers.swift in Sources */ = {isa = PBXBuildFile; fileRef = F6A54131955750C398A51DFB /* Providers.swift */; };
		915508983834E491995F3A63 /* MessageOpeningControl.swift in Sources */ = {isa = PBXBuildFile; fileRef = 7158D8EC270E0000A8577E03 /* MessageOpeningControl.swift */; };
		94141462DA43246417BF507D /* CoupleDistancePresentation.swift in Sources */ = {isa = PBXBuildFile; fileRef = 825F922BC4FDFC6C6AC8243E /* CoupleDistancePresentation.swift */; };
		94A56CF38D2351DA60B7D94D /* Foundation.framework in Frameworks */ = {isa = PBXBuildFile; fileRef = 63D622475F5207FBC9CC5DB8 /* Foundation.framework */; };
		960B2FB4FD85643E8EA96DD1 /* AffectionViews.swift in Sources */ = {isa = PBXBuildFile; fileRef = 9AE147033D7E25C2944104CF /* AffectionViews.swift */; };
		98348072FE98C67CC0BE51F8 /* CoupleSpaceService.swift in Sources */ = {isa = PBXBuildFile; fileRef = 666F2B72ACDF047A95A05C22 /* CoupleSpaceService.swift */; };
		989AF269F9524B9F46FE5473 /* ConversationHistoryService.swift in Sources */ = {isa = PBXBuildFile; fileRef = A09DBDEC2D24B2F345854CEA /* ConversationHistoryService.swift */; };
		98C4615C621D3840E52F3CFC /* PersonalizationView.swift in Sources */ = {isa = PBXBuildFile; fileRef = 9674146EDF6DC10AE7F7BEA9 /* PersonalizationView.swift */; };
		9C948EB654F009A72B1DAABC /* RailwayClient.swift in Sources */ = {isa = PBXBuildFile; fileRef = C4104C7DEF0DDD767AD74D20 /* RailwayClient.swift */; };
		9D3BC67961402E7A07823E36 /* WidgetNotePaper.swift in Sources */ = {isa = PBXBuildFile; fileRef = 8A671A977D7B6DB8F1EEA1CE /* WidgetNotePaper.swift */; };
		9E52D62D35778255BAEF098A /* AffectionService.swift in Sources */ = {isa = PBXBuildFile; fileRef = A2B91A62138F779982E65E1D /* AffectionService.swift */; };
		9EEDEF9113F62548B216AE08 /* Affection.swift in Sources */ = {isa = PBXBuildFile; fileRef = C49FCD3ED919F063C71DE7AF /* Affection.swift */; };
		9F5FDE47C8C9E4F638B785C6 /* MemoryCompositionDraft.swift in Sources */ = {isa = PBXBuildFile; fileRef = 6F5188C3712C9017AC5B1702 /* MemoryCompositionDraft.swift */; };
		9F6C8E670D04875353F6B142 /* CoupleWidgets.swift in Sources */ = {isa = PBXBuildFile; fileRef = EB99EC200A7C100DA6EA4F0E /* CoupleWidgets.swift */; };
		A3CB52786405DFAB1E53BAD2 /* PrivacyInfo.xcprivacy in Resources */ = {isa = PBXBuildFile; fileRef = DCE447FE6429388523897240 /* PrivacyInfo.xcprivacy */; };
		AA8D9E605E258260AE2F0197 /* PaperProbeController.swift in Sources */ = {isa = PBXBuildFile; fileRef = 58815EE31066D1D0180B769C /* PaperProbeController.swift */; };
		AC0B099AE24AE666C6054E8D /* Assets.xcassets in Resources */ = {isa = PBXBuildFile; fileRef = 1944EA3B4183DB4530BE5656 /* Assets.xcassets */; };
		AC1F607B183C69226EF7AAA8 /* WidgetLocationSampler.swift in Sources */ = {isa = PBXBuildFile; fileRef = B521C515E9E5F536D4D79D45 /* WidgetLocationSampler.swift */; };
		B0FA6C8D58CD010A67029629 /* ChatInteractionTests.swift in Sources */ = {isa = PBXBuildFile; fileRef = 1F69254FC515D5F3B7100C67 /* ChatInteractionTests.swift */; };
		B1806D56245935C0409D20A6 /* PaperRoundTripTests.swift in Sources */ = {isa = PBXBuildFile; fileRef = C9FB2741ED063F800FE66070 /* PaperRoundTripTests.swift */; };
		B5FB13A7464865821D01EC40 /* MockProviders.swift in Sources */ = {isa = PBXBuildFile; fileRef = 0E0A88EF19929165A710182E /* MockProviders.swift */; };
		BB97D018F5BE1224C691C65D /* LettersView.swift in Sources */ = {isa = PBXBuildFile; fileRef = 53B7191D3DCAEFCE33D93DB6 /* LettersView.swift */; };
		BC68F1E277A8F2A719BC36C4 /* PairNotesWidgets.appex in Embed App Extensions */ = {isa = PBXBuildFile; fileRef = 309D5AF2D9342A78FEB8FAED /* PairNotesWidgets.appex */; settings = {ATTRIBUTES = (RemoveHeadersOnCopy, ); }; };
		BC81A6597B89DDDB7FA0D06F /* CoupleSpace.swift in Sources */ = {isa = PBXBuildFile; fileRef = 2D00FDCBFAB2505F9B37BC10 /* CoupleSpace.swift */; };
		BCD58F2DCC2860A7072DCC75 /* PhotoLibrarySheet.swift in Sources */ = {isa = PBXBuildFile; fileRef = 25C60602CDB5BB2B05305BA6 /* PhotoLibrarySheet.swift */; };
		BD4C0469097F2C486A4D3BB6 /* GoogleSignIn in Frameworks */ = {isa = PBXBuildFile; productRef = F996176B4DB95C808F341726 /* GoogleSignIn */; };
		BDE47EA26956DF1B2A2677E4 /* ReactionBubble.swift in Sources */ = {isa = PBXBuildFile; fileRef = DB2F4F59CD2BABD6D2128D99 /* ReactionBubble.swift */; };
		C10145D393B391629283A5BB /* PairPhotoActivityController.swift in Sources */ = {isa = PBXBuildFile; fileRef = 3475FF7221D2421CB688B8C7 /* PairPhotoActivityController.swift */; };
		C32A9C6D914F0A3B39C2511D /* WidgetProfileAvatar.swift in Sources */ = {isa = PBXBuildFile; fileRef = 04EF4439C02F5AE7F58FFD0E /* WidgetProfileAvatar.swift */; };
		C576966A5A3D3BC7EB5C18CE /* WidgetSnapshotStore.swift in Sources */ = {isa = PBXBuildFile; fileRef = B051FF90353B8FE439A6E86A /* WidgetSnapshotStore.swift */; };
		C609A2E6A27FA7CE489DEF30 /* ChatComposerLayoutTests.swift in Sources */ = {isa = PBXBuildFile; fileRef = 48C60001ADA2CD7EFB986C5F /* ChatComposerLayoutTests.swift */; };
		C9C8E16843D4BA73BC2B75CF /* AudioMessageComposer.swift in Sources */ = {isa = PBXBuildFile; fileRef = E181E01711512EE4EBDB0933 /* AudioMessageComposer.swift */; };
		CCA534419DD2586DFA9AC143 /* SharedWidgetContainer.swift in Sources */ = {isa = PBXBuildFile; fileRef = 6BF2920A57ECD97A9EEDCF9D /* SharedWidgetContainer.swift */; };
		CCEFAC8F9CA9E6C5868DE613 /* NativeEditorPersistenceTests.swift in Sources */ = {isa = PBXBuildFile; fileRef = 0B20DEC74EAA9213E2DD6CB8 /* NativeEditorPersistenceTests.swift */; };
		CDD6E5334EEBE4F47D849721 /* MessagesView.swift in Sources */ = {isa = PBXBuildFile; fileRef = BA3A6D05A377A17B394A7050 /* MessagesView.swift */; };
		CE4216EE35FB5D04F465EB7F /* NoteDocument.swift in Sources */ = {isa = PBXBuildFile; fileRef = E97617BE31D80E880ECB90B9 /* NoteDocument.swift */; };
		CF81529895D892B9AF7DF41F /* WidgetNotePaper.swift in Sources */ = {isa = PBXBuildFile; fileRef = 8A671A977D7B6DB8F1EEA1CE /* WidgetNotePaper.swift */; };
		D2AB2A64F1DFFEECB674CF24 /* MonthlyReminderServiceTests.swift in Sources */ = {isa = PBXBuildFile; fileRef = 62C27CCE5C14D5AA8DE64E6F /* MonthlyReminderServiceTests.swift */; };
		D31E24AAC2480230712EC836 /* WidgetDistanceLayoutTests.swift in Sources */ = {isa = PBXBuildFile; fileRef = B97393C41CEE5EF77B21208C /* WidgetDistanceLayoutTests.swift */; };
		D422E4BB8517E7EF4FE94AF2 /* CoupleChatView.swift in Sources */ = {isa = PBXBuildFile; fileRef = 6A9EEF568D8ECE53D6B1D577 /* CoupleChatView.swift */; };
		D54629982FA54B76A75C3DBF /* WidgetProfileAvatar.swift in Sources */ = {isa = PBXBuildFile; fileRef = 04EF4439C02F5AE7F58FFD0E /* WidgetProfileAvatar.swift */; };
		D5BCB0EC59992EB6321689EE /* ContentDigest.swift in Sources */ = {isa = PBXBuildFile; fileRef = C5F37D725A6BCF6564D33E8D /* ContentDigest.swift */; };
		D7776262650E80BE51D59EE9 /* ScrapbookPage.swift in Sources */ = {isa = PBXBuildFile; fileRef = DC08FD4A214D6C5E699DC121 /* ScrapbookPage.swift */; };
		DB4D127AF48A87B047DAD355 /* VoiceWaveform.swift in Sources */ = {isa = PBXBuildFile; fileRef = FFACE15E812B2AF8B10A8942 /* VoiceWaveform.swift */; };
		DDAA047E9BE468E9DE710507 /* ChatMessageComposer.swift in Sources */ = {isa = PBXBuildFile; fileRef = 54FA47E32850D3761A6211E7 /* ChatMessageComposer.swift */; };
		DEDD3E8A33E872580E1C6B28 /* LetterComposer.swift in Sources */ = {isa = PBXBuildFile; fileRef = 810B43FB67E2D187E3A04D41 /* LetterComposer.swift */; };
		E209665E34AF86BF40C50524 /* AppModel.swift in Sources */ = {isa = PBXBuildFile; fileRef = F957D8C89CC5EF61E44D3AE0 /* AppModel.swift */; };
		E5A27A14FD6D9CD74EE820CA /* Foundation.framework in Frameworks */ = {isa = PBXBuildFile; fileRef = 63D622475F5207FBC9CC5DB8 /* Foundation.framework */; };
		E91538AE75E0F1067610BCCF /* WidgetLocationSampler.swift in Sources */ = {isa = PBXBuildFile; fileRef = B521C515E9E5F536D4D79D45 /* WidgetLocationSampler.swift */; };
		E9401E196FA0DC80F2767265 /* ServiceConfiguration.swift in Sources */ = {isa = PBXBuildFile; fileRef = DBDDABCBE8D47E0205D0AF9F /* ServiceConfiguration.swift */; };
		EA42956EE4563C6D80259C0D /* DraftCatalogStore.swift in Sources */ = {isa = PBXBuildFile; fileRef = B43243F9357BC154D804B56A /* DraftCatalogStore.swift */; };
		EAA23D7D5B3FD27B9D6A98C6 /* RootView.swift in Sources */ = {isa = PBXBuildFile; fileRef = A9AE94CEF9B8DC555EC613B6 /* RootView.swift */; };
		EB06584FDC08EF358CF89DC8 /* WidgetAccessStore.swift in Sources */ = {isa = PBXBuildFile; fileRef = 0E6159B88137BF21592FC1F5 /* WidgetAccessStore.swift */; };
		EC3F5DDA382A9584D127E810 /* TimelineView.swift in Sources */ = {isa = PBXBuildFile; fileRef = 37A44CE2E46D473F4ADF40DD /* TimelineView.swift */; };
		ED25BD84357994A9316692D3 /* NotificationServices.swift in Sources */ = {isa = PBXBuildFile; fileRef = A6DD900A021F89A8BB269FDD /* NotificationServices.swift */; };
		EFA671607A54FE5DB3B18CBA /* CoupleChatCards.swift in Sources */ = {isa = PBXBuildFile; fileRef = 854779E5F0B9E75EB3588832 /* CoupleChatCards.swift */; };
		F0F5E1F4C091261ACEEC542A /* CouplePhotoViews.swift in Sources */ = {isa = PBXBuildFile; fileRef = 2B894C74C2B1D8A138093675 /* CouplePhotoViews.swift */; };
		F865CA16F761862CC5F1D7D0 /* CloudNotesService.swift in Sources */ = {isa = PBXBuildFile; fileRef = 05E7593B2F6C7038350A3359 /* CloudNotesService.swift */; };
		F992B53E17F8067A90A57555 /* WidgetProfileAvatarTests.swift in Sources */ = {isa = PBXBuildFile; fileRef = 85328A38EE92B8AA1867FAB5 /* WidgetProfileAvatarTests.swift */; };
		FAC9D0B6B0C6413BEFB21533 /* ReactionBubbleTests.swift in Sources */ = {isa = PBXBuildFile; fileRef = F4A842B7CD7538A21BB40114 /* ReactionBubbleTests.swift */; };
		FE27CFB76688184786AE3C5C /* QuickPhotoComposer.swift in Sources */ = {isa = PBXBuildFile; fileRef = 51AAD1DC397D1F4F36DCA323 /* QuickPhotoComposer.swift */; };
/* End PBXBuildFile section */

/* Begin PBXContainerItemProxy section */
		25061B4498FD5C82FB0595BB /* PBXContainerItemProxy */ = {
			isa = PBXContainerItemProxy;
			containerPortal = 521BA4D92B520A6F3DAC5ABC /* Project object */;
			proxyType = 1;
			remoteGlobalIDString = B5BE837661CB644422626C97;
			remoteInfo = PairNotes;
		};
		38D7D6970CF24E4B371F1275 /* PBXContainerItemProxy */ = {
			isa = PBXContainerItemProxy;
			containerPortal = 521BA4D92B520A6F3DAC5ABC /* Project object */;
			proxyType = 1;
			remoteGlobalIDString = BA080A61F29101F70321C819;
			remoteInfo = PairNotesWidgets;
		};
		4F488418B102B5581354ED0A /* PBXContainerItemProxy */ = {
			isa = PBXContainerItemProxy;
			containerPortal = 521BA4D92B520A6F3DAC5ABC /* Project object */;
			proxyType = 1;
			remoteGlobalIDString = B5BE837661CB644422626C97;
			remoteInfo = PairNotes;
		};
		55E8576C1E7FE5BDA5114C13 /* PBXContainerItemProxy */ = {
			isa = PBXContainerItemProxy;
			containerPortal = 521BA4D92B520A6F3DAC5ABC /* Project object */;
			proxyType = 1;
			remoteGlobalIDString = F97AA093B99F7DA208D4B93E;
			remoteInfo = PairNotesCore;
		};
		BB609FE22398675316E5027F /* PBXContainerItemProxy */ = {
			isa = PBXContainerItemProxy;
			containerPortal = 521BA4D92B520A6F3DAC5ABC /* Project object */;
			proxyType = 1;
			remoteGlobalIDString = F97AA093B99F7DA208D4B93E;
			remoteInfo = PairNotesCore;
		};
		EC2A7A1EB78CBFF110E94814 /* PBXContainerItemProxy */ = {
			isa = PBXContainerItemProxy;
			containerPortal = 521BA4D92B520A6F3DAC5ABC /* Project object */;
			proxyType = 1;
			remoteGlobalIDString = F97AA093B99F7DA208D4B93E;
			remoteInfo = PairNotesCore;
		};
/* End PBXContainerItemProxy section */

/* Begin PBXCopyFilesBuildPhase section */
		FA155AEF8DB3D80E7B7226C1 /* Embed App Extensions */ = {
			isa = PBXCopyFilesBuildPhase;
			buildActionMask = 2147483647;
			dstPath = "";
			dstSubfolderSpec = 13;
			files = (
				BC68F1E277A8F2A719BC36C4 /* PairNotesWidgets.appex in Embed App Extensions */,
			);
			name = "Embed App Extensions";
			runOnlyForDeploymentPostprocessing = 0;
		};
/* End PBXCopyFilesBuildPhase section */

/* Begin PBXFileReference section */
		01E463DF9B88CD4857AC4B66 /* PhotoReactionIntents.swift */ = {isa = PBXFileReference; includeInIndex = 1; lastKnownFileType = sourcecode.swift; name = PhotoReactionIntents.swift; path = PairNotes/Widgets/SharedSnapshot/PhotoReactionIntents.swift; sourceTree = "<group>"; };
		021EC57B02E9EED4827754E6 /* CoupleConversation.swift */ = {isa = PBXFileReference; includeInIndex = 1; lastKnownFileType = sourcecode.swift; name = CoupleConversation.swift; path = PairNotes/Core/Domain/CoupleConversation.swift; sourceTree = "<group>"; };
		04751BC41DA7A76476262C15 /* HomeView.swift */ = {isa = PBXFileReference; includeInIndex = 1; lastKnownFileType = sourcecode.swift; name = HomeView.swift; path = PairNotes/Features/Home/HomeView.swift; sourceTree = "<group>"; };
		04EF4439C02F5AE7F58FFD0E /* WidgetProfileAvatar.swift */ = {isa = PBXFileReference; includeInIndex = 1; lastKnownFileType = sourcecode.swift; name = WidgetProfileAvatar.swift; path = PairNotes/Widgets/SharedSnapshot/WidgetProfileAvatar.swift; sourceTree = "<group>"; };
		05E7593B2F6C7038350A3359 /* CloudNotesService.swift */ = {isa = PBXFileReference; includeInIndex = 1; lastKnownFileType = sourcecode.swift; name = CloudNotesService.swift; path = PairNotes/Services/CloudNotesService.swift; sourceTree = "<group>"; };
		0964986342C96DEF1972879B /* CoupleChatHistory.swift */ = {isa = PBXFileReference; includeInIndex = 1; lastKnownFileType = sourcecode.swift; name = CoupleChatHistory.swift; path = PairNotes/Features/Couple/CoupleChatHistory.swift; sourceTree = "<group>"; };
		0B20DEC74EAA9213E2DD6CB8 /* NativeEditorPersistenceTests.swift */ = {isa = PBXFileReference; includeInIndex = 1; lastKnownFileType = sourcecode.swift; name = NativeEditorPersistenceTests.swift; path = PairNotes/Tests/NativeTests/NativeEditorPersistenceTests.swift; sourceTree = "<group>"; };
		0DCF6C102BAA62894E83BAA1 /* DurableOutbox.swift */ = {isa = PBXFileReference; includeInIndex = 1; lastKnownFileType = sourcecode.swift; name = DurableOutbox.swift; path = PairNotes/Core/Persistence/DurableOutbox.swift; sourceTree = "<group>"; };
		0E0A88EF19929165A710182E /* MockProviders.swift */ = {isa = PBXFileReference; includeInIndex = 1; lastKnownFileType = sourcecode.swift; name = MockProviders.swift; path = PairNotes/Core/Mocks/MockProviders.swift; sourceTree = "<group>"; };
		0E6159B88137BF21592FC1F5 /* WidgetAccessStore.swift */ = {isa = PBXFileReference; includeInIndex = 1; lastKnownFileType = sourcecode.swift; name = WidgetAccessStore.swift; path = PairNotes/Widgets/SharedSnapshot/WidgetAccessStore.swift; sourceTree = "<group>"; };
		13C4562AA80463903AAA2C49 /* LocationSharingController.swift */ = {isa = PBXFileReference; includeInIndex = 1; lastKnownFileType = sourcecode.swift; name = LocationSharingController.swift; path = PairNotes/Services/LocationSharingController.swift; sourceTree = "<group>"; };
		17CE9F33F0A958C047B5C0BC /* SharedMemory.swift */ = {isa = PBXFileReference; includeInIndex = 1; lastKnownFileType = sourcecode.swift; name = SharedMemory.swift; path = PairNotes/Core/Domain/SharedMemory.swift; sourceTree = "<group>"; };
		1944EA3B4183DB4530BE5656 /* Assets.xcassets */ = {isa = PBXFileReference; includeInIndex = 1; lastKnownFileType = folder.assetcatalog; name = Assets.xcassets; path = PairNotes/App/Assets.xcassets; sourceTree = "<group>"; };
		1E6E8D2520119FF6A7129CA9 /* PrivateImageCache.swift */ = {isa = PBXFileReference; includeInIndex = 1; lastKnownFileType = sourcecode.swift; name = PrivateImageCache.swift; path = PairNotes/Core/Persistence/PrivateImageCache.swift; sourceTree = "<group>"; };
		1F69254FC515D5F3B7100C67 /* ChatInteractionTests.swift */ = {isa = PBXFileReference; includeInIndex = 1; lastKnownFileType = sourcecode.swift; name = ChatInteractionTests.swift; path = PairNotes/Tests/UITests/ChatInteractionTests.swift; sourceTree = "<group>"; };
		20A57427CCCC7FFA4AFA9F9E /* CoupleSpaceViews.swift */ = {isa = PBXFileReference; includeInIndex = 1; lastKnownFileType = sourcecode.swift; name = CoupleSpaceViews.swift; path = PairNotes/Features/Couple/CoupleSpaceViews.swift; sourceTree = "<group>"; };
		2228B40AC1415219F0D70467 /* ChatConversationScrollView.swift */ = {isa = PBXFileReference; includeInIndex = 1; lastKnownFileType = sourcecode.swift; name = ChatConversationScrollView.swift; path = PairNotes/Features/Couple/ChatConversationScrollView.swift; sourceTree = "<group>"; };
		231DFAA5F216363FBBAE49C4 /* WidgetRemoteClient.swift */ = {isa = PBXFileReference; includeInIndex = 1; lastKnownFileType = sourcecode.swift; name = WidgetRemoteClient.swift; path = PairNotes/Widgets/SharedSnapshot/WidgetRemoteClient.swift; sourceTree = "<group>"; };
		25C60602CDB5BB2B05305BA6 /* PhotoLibrarySheet.swift */ = {isa = PBXFileReference; includeInIndex = 1; lastKnownFileType = sourcecode.swift; name = PhotoLibrarySheet.swift; path = PairNotes/Features/Timeline/PhotoLibrarySheet.swift; sourceTree = "<group>"; };
		2B894C74C2B1D8A138093675 /* CouplePhotoViews.swift */ = {isa = PBXFileReference; includeInIndex = 1; lastKnownFileType = sourcecode.swift; name = CouplePhotoViews.swift; path = PairNotes/Features/Couple/CouplePhotoViews.swift; sourceTree = "<group>"; };
		2CD92B990CCA77A8143AC1CE /* CouplePersonalization.swift */ = {isa = PBXFileReference; includeInIndex = 1; lastKnownFileType = sourcecode.swift; name = CouplePersonalization.swift; path = PairNotes/Core/Domain/CouplePersonalization.swift; sourceTree = "<group>"; };
		2D00FDCBFAB2505F9B37BC10 /* CoupleSpace.swift */ = {isa = PBXFileReference; includeInIndex = 1; lastKnownFileType = sourcecode.swift; name = CoupleSpace.swift; path = PairNotes/Core/Domain/CoupleSpace.swift; sourceTree = "<group>"; };
		2F940871290E8CD621DF8546 /* RemoteNote.swift */ = {isa = PBXFileReference; includeInIndex = 1; lastKnownFileType = sourcecode.swift; name = RemoteNote.swift; path = PairNotes/Core/Domain/RemoteNote.swift; sourceTree = "<group>"; };
		309D5AF2D9342A78FEB8FAED /* PairNotesWidgets.appex */ = {isa = PBXFileReference; explicitFileType = "wrapper.app-extension"; includeInIndex = 0; path = PairNotesWidgets.appex; sourceTree = BUILT_PRODUCTS_DIR; };
		3403EC467A49980D54C898A4 /* PhotoWidget.swift */ = {isa = PBXFileReference; includeInIndex = 1; lastKnownFileType = sourcecode.swift; name = PhotoWidget.swift; path = PairNotes/Widgets/NoteWidget/PhotoWidget.swift; sourceTree = "<group>"; };
		3475FF7221D2421CB688B8C7 /* PairPhotoActivityController.swift */ = {isa = PBXFileReference; includeInIndex = 1; lastKnownFileType = sourcecode.swift; name = PairPhotoActivityController.swift; path = PairNotes/Services/PairPhotoActivityController.swift; sourceTree = "<group>"; };
		37A44CE2E46D473F4ADF40DD /* TimelineView.swift */ = {isa = PBXFileReference; includeInIndex = 1; lastKnownFileType = sourcecode.swift; name = TimelineView.swift; path = PairNotes/Features/Timeline/TimelineView.swift; sourceTree = "<group>"; };
		394B9F0C1BDE68EE1B177088 /* LetterComposerLayoutTests.swift */ = {isa = PBXFileReference; includeInIndex = 1; lastKnownFileType = sourcecode.swift; name = LetterComposerLayoutTests.swift; path = PairNotes/Tests/NativeTests/LetterComposerLayoutTests.swift; sourceTree = "<group>"; };
		3B0294E36D0B60C73BA4E982 /* PairNotes.app */ = {isa = PBXFileReference; explicitFileType = wrapper.application; includeInIndex = 0; path = PairNotes.app; sourceTree = BUILT_PRODUCTS_DIR; };
		3E2CA06401CEB5C521B470C2 /* PhotoCropEditor.swift */ = {isa = PBXFileReference; includeInIndex = 1; lastKnownFileType = sourcecode.swift; name = PhotoCropEditor.swift; path = PairNotes/Canvas/NativePaper/PhotoCropEditor.swift; sourceTree = "<group>"; };
		3E97C967520D23D216F9943B /* NativePaperProbe.swift */ = {isa = PBXFileReference; includeInIndex = 1; lastKnownFileType = sourcecode.swift; name = NativePaperProbe.swift; path = PairNotes/Canvas/NativePaper/NativePaperProbe.swift; sourceTree = "<group>"; };
		4017AEFC9D1D7D89F70DD9DC /* WidgetNotePaperTests.swift */ = {isa = PBXFileReference; includeInIndex = 1; lastKnownFileType = sourcecode.swift; name = WidgetNotePaperTests.swift; path = PairNotes/Tests/NativeTests/WidgetNotePaperTests.swift; sourceTree = "<group>"; };
		4737210C7B9D72257EDC1C3F /* PairPhotoActivityAttributes.swift */ = {isa = PBXFileReference; includeInIndex = 1; lastKnownFileType = sourcecode.swift; name = PairPhotoActivityAttributes.swift; path = PairNotes/Widgets/SharedSnapshot/PairPhotoActivityAttributes.swift; sourceTree = "<group>"; };
		48C60001ADA2CD7EFB986C5F /* ChatComposerLayoutTests.swift */ = {isa = PBXFileReference; includeInIndex = 1; lastKnownFileType = sourcecode.swift; name = ChatComposerLayoutTests.swift; path = PairNotes/Tests/NativeTests/ChatComposerLayoutTests.swift; sourceTree = "<group>"; };
		51AAD1DC397D1F4F36DCA323 /* QuickPhotoComposer.swift */ = {isa = PBXFileReference; includeInIndex = 1; lastKnownFileType = sourcecode.swift; name = QuickPhotoComposer.swift; path = PairNotes/Features/Couple/QuickPhotoComposer.swift; sourceTree = "<group>"; };
		51C7D873D63E3B5FB4AA6842 /* Foundation.framework */ = {isa = PBXFileReference; lastKnownFileType = wrapper.framework; name = Foundation.framework; path = System/Library/Frameworks/Foundation.framework; sourceTree = SDKROOT; };
		535CB414541D0E5533EA196B /* WidgetDistanceContent.swift */ = {isa = PBXFileReference; includeInIndex = 1; lastKnownFileType = sourcecode.swift; name = WidgetDistanceContent.swift; path = PairNotes/Widgets/SharedSnapshot/WidgetDistanceContent.swift; sourceTree = "<group>"; };
		53B7191D3DCAEFCE33D93DB6 /* LettersView.swift */ = {isa = PBXFileReference; includeInIndex = 1; lastKnownFileType = sourcecode.swift; name = LettersView.swift; path = PairNotes/Features/Couple/LettersView.swift; sourceTree = "<group>"; };
		54FA47E32850D3761A6211E7 /* ChatMessageComposer.swift */ = {isa = PBXFileReference; includeInIndex = 1; lastKnownFileType = sourcecode.swift; name = ChatMessageComposer.swift; path = PairNotes/Features/Couple/ChatMessageComposer.swift; sourceTree = "<group>"; };
		58815EE31066D1D0180B769C /* PaperProbeController.swift */ = {isa = PBXFileReference; includeInIndex = 1; lastKnownFileType = sourcecode.swift; name = PaperProbeController.swift; path = PairNotes/Canvas/NativePaper/PaperProbeController.swift; sourceTree = "<group>"; };
		58CBEEFDE6F4C6C9F6F7C598 /* CoupleView.swift */ = {isa = PBXFileReference; includeInIndex = 1; lastKnownFileType = sourcecode.swift; name = CoupleView.swift; path = PairNotes/Features/Couple/CoupleView.swift; sourceTree = "<group>"; };
		5A061225091C922828138034 /* MonthlyReminderService.swift */ = {isa = PBXFileReference; includeInIndex = 1; lastKnownFileType = sourcecode.swift; name = MonthlyReminderService.swift; path = PairNotes/Services/MonthlyReminderService.swift; sourceTree = "<group>"; };
		5B7402A8C483EABF9951345E /* ChatInteractionFixture.swift */ = {isa = PBXFileReference; includeInIndex = 1; lastKnownFileType = sourcecode.swift; name = ChatInteractionFixture.swift; path = PairNotes/App/ChatInteractionFixture.swift; sourceTree = "<group>"; };
		5F3F9A9DB9D9B675C7B0F55C /* VoiceNoteViews.swift */ = {isa = PBXFileReference; includeInIndex = 1; lastKnownFileType = sourcecode.swift; name = VoiceNoteViews.swift; path = PairNotes/Features/Couple/VoiceNoteViews.swift; sourceTree = "<group>"; };
		619125B37D59C85FF3161A4A /* PairNotesNativeTests.xctest */ = {isa = PBXFileReference; explicitFileType = wrapper.cfbundle; includeInIndex = 0; path = PairNotesNativeTests.xctest; sourceTree = BUILT_PRODUCTS_DIR; };
		62C27CCE5C14D5AA8DE64E6F /* MonthlyReminderServiceTests.swift */ = {isa = PBXFileReference; includeInIndex = 1; lastKnownFileType = sourcecode.swift; name = MonthlyReminderServiceTests.swift; path = PairNotes/Tests/NativeTests/MonthlyReminderServiceTests.swift; sourceTree = "<group>"; };
		63D622475F5207FBC9CC5DB8 /* Foundation.framework */ = {isa = PBXFileReference; lastKnownFileType = wrapper.framework; name = Foundation.framework; path = System/Library/Frameworks/Foundation.framework; sourceTree = SDKROOT; };
		647C3789C9568E9629FAB245 /* WidgetLocationRefreshTests.swift */ = {isa = PBXFileReference; includeInIndex = 1; lastKnownFileType = sourcecode.swift; name = WidgetLocationRefreshTests.swift; path = PairNotes/Tests/NativeTests/WidgetLocationRefreshTests.swift; sourceTree = "<group>"; };
		6504F28C65A92649301C52F1 /* PhotoHistoryService.swift */ = {isa = PBXFileReference; includeInIndex = 1; lastKnownFileType = sourcecode.swift; name = PhotoHistoryService.swift; path = PairNotes/Services/PhotoHistoryService.swift; sourceTree = "<group>"; };
		666F2B72ACDF047A95A05C22 /* CoupleSpaceService.swift */ = {isa = PBXFileReference; includeInIndex = 1; lastKnownFileType = sourcecode.swift; name = CoupleSpaceService.swift; path = PairNotes/Services/CoupleSpaceService.swift; sourceTree = "<group>"; };
		68BACBE62DC8C7E676F8B77D /* FileDraftStore.swift */ = {isa = PBXFileReference; includeInIndex = 1; lastKnownFileType = sourcecode.swift; name = FileDraftStore.swift; path = PairNotes/Core/Persistence/FileDraftStore.swift; sourceTree = "<group>"; };
		6A35627F4212DEE028F9A0A0 /* VoiceNoteController.swift */ = {isa = PBXFileReference; includeInIndex = 1; lastKnownFileType = sourcecode.swift; name = VoiceNoteController.swift; path = PairNotes/Services/VoiceNoteController.swift; sourceTree = "<group>"; };
		6A9EEF568D8ECE53D6B1D577 /* CoupleChatView.swift */ = {isa = PBXFileReference; includeInIndex = 1; lastKnownFileType = sourcecode.swift; name = CoupleChatView.swift; path = PairNotes/Features/Couple/CoupleChatView.swift; sourceTree = "<group>"; };
		6BF2920A57ECD97A9EEDCF9D /* SharedWidgetContainer.swift */ = {isa = PBXFileReference; includeInIndex = 1; lastKnownFileType = sourcecode.swift; name = SharedWidgetContainer.swift; path = PairNotes/Widgets/SharedSnapshot/SharedWidgetContainer.swift; sourceTree = "<group>"; };
		6F5188C3712C9017AC5B1702 /* MemoryCompositionDraft.swift */ = {isa = PBXFileReference; includeInIndex = 1; lastKnownFileType = sourcecode.swift; name = MemoryCompositionDraft.swift; path = PairNotes/Features/Timeline/MemoryCompositionDraft.swift; sourceTree = "<group>"; };
		6F602F69962A6ED07CD1F136 /* CoupleThemeStyle.swift */ = {isa = PBXFileReference; includeInIndex = 1; lastKnownFileType = sourcecode.swift; name = CoupleThemeStyle.swift; path = PairNotes/Widgets/SharedSnapshot/CoupleThemeStyle.swift; sourceTree = "<group>"; };
		7158D8EC270E0000A8577E03 /* MessageOpeningControl.swift */ = {isa = PBXFileReference; includeInIndex = 1; lastKnownFileType = sourcecode.swift; name = MessageOpeningControl.swift; path = PairNotes/Features/Couple/MessageOpeningControl.swift; sourceTree = "<group>"; };
		71D121EEBCF3007D4F9EF373 /* AppleSignInRequest.swift */ = {isa = PBXFileReference; includeInIndex = 1; lastKnownFileType = sourcecode.swift; name = AppleSignInRequest.swift; path = PairNotes/Services/AppleSignInRequest.swift; sourceTree = "<group>"; };
		793761937193EC6D4C5C9CBB /* PhotoViewer.swift */ = {isa = PBXFileReference; includeInIndex = 1; lastKnownFileType = sourcecode.swift; name = PhotoViewer.swift; path = PairNotes/Features/Timeline/PhotoViewer.swift; sourceTree = "<group>"; };
		7E255A1974FAD74DE28CBDD2 /* Base.xcconfig */ = {isa = PBXFileReference; includeInIndex = 1; lastKnownFileType = text.xcconfig; name = Base.xcconfig; path = Config/Base.xcconfig; sourceTree = "<group>"; };
		810B43FB67E2D187E3A04D41 /* LetterComposer.swift */ = {isa = PBXFileReference; includeInIndex = 1; lastKnownFileType = sourcecode.swift; name = LetterComposer.swift; path = PairNotes/Features/Couple/LetterComposer.swift; sourceTree = "<group>"; };
		825F922BC4FDFC6C6AC8243E /* CoupleDistancePresentation.swift */ = {isa = PBXFileReference; includeInIndex = 1; lastKnownFileType = sourcecode.swift; name = CoupleDistancePresentation.swift; path = PairNotes/Widgets/SharedSnapshot/CoupleDistancePresentation.swift; sourceTree = "<group>"; };
		85328A38EE92B8AA1867FAB5 /* WidgetProfileAvatarTests.swift */ = {isa = PBXFileReference; includeInIndex = 1; lastKnownFileType = sourcecode.swift; name = WidgetProfileAvatarTests.swift; path = PairNotes/Tests/NativeTests/WidgetProfileAvatarTests.swift; sourceTree = "<group>"; };
		854779E5F0B9E75EB3588832 /* CoupleChatCards.swift */ = {isa = PBXFileReference; includeInIndex = 1; lastKnownFileType = sourcecode.swift; name = CoupleChatCards.swift; path = PairNotes/Features/Couple/CoupleChatCards.swift; sourceTree = "<group>"; };
		8688BACE480A357CB33EB690 /* EditorInteractionTests.swift */ = {isa = PBXFileReference; includeInIndex = 1; lastKnownFileType = sourcecode.swift; name = EditorInteractionTests.swift; path = PairNotes/Tests/UITests/EditorInteractionTests.swift; sourceTree = "<group>"; };
		8A671A977D7B6DB8F1EEA1CE /* WidgetNotePaper.swift */ = {isa = PBXFileReference; includeInIndex = 1; lastKnownFileType = sourcecode.swift; name = WidgetNotePaper.swift; path = PairNotes/Widgets/SharedSnapshot/WidgetNotePaper.swift; sourceTree = "<group>"; };
		8D0037017CA46317C7DE86B8 /* NoteWidget.swift */ = {isa = PBXFileReference; includeInIndex = 1; lastKnownFileType = sourcecode.swift; name = NoteWidget.swift; path = PairNotes/Widgets/NoteWidget/NoteWidget.swift; sourceTree = "<group>"; };
		90C0F66992450B0DB7430EAD /* AppServices.swift */ = {isa = PBXFileReference; includeInIndex = 1; lastKnownFileType = sourcecode.swift; name = AppServices.swift; path = PairNotes/Services/AppServices.swift; sourceTree = "<group>"; };
		9674146EDF6DC10AE7F7BEA9 /* PersonalizationView.swift */ = {isa = PBXFileReference; includeInIndex = 1; lastKnownFileType = sourcecode.swift; name = PersonalizationView.swift; path = PairNotes/Features/Couple/PersonalizationView.swift; sourceTree = "<group>"; };
		9AE147033D7E25C2944104CF /* AffectionViews.swift */ = {isa = PBXFileReference; includeInIndex = 1; lastKnownFileType = sourcecode.swift; name = AffectionViews.swift; path = PairNotes/Features/Couple/AffectionViews.swift; sourceTree = "<group>"; };
		9C52C05971195800ECE84BBE /* PrivacyInfo.xcprivacy */ = {isa = PBXFileReference; includeInIndex = 1; lastKnownFileType = text.xml; name = PrivacyInfo.xcprivacy; path = PairNotes/Widgets/PrivacyInfo.xcprivacy; sourceTree = "<group>"; };
		A09DBDEC2D24B2F345854CEA /* ConversationHistoryService.swift */ = {isa = PBXFileReference; includeInIndex = 1; lastKnownFileType = sourcecode.swift; name = ConversationHistoryService.swift; path = PairNotes/Services/ConversationHistoryService.swift; sourceTree = "<group>"; };
		A2B91A62138F779982E65E1D /* AffectionService.swift */ = {isa = PBXFileReference; includeInIndex = 1; lastKnownFileType = sourcecode.swift; name = AffectionService.swift; path = PairNotes/Services/AffectionService.swift; sourceTree = "<group>"; };
		A6DD900A021F89A8BB269FDD /* NotificationServices.swift */ = {isa = PBXFileReference; includeInIndex = 1; lastKnownFileType = sourcecode.swift; name = NotificationServices.swift; path = PairNotes/Services/NotificationServices.swift; sourceTree = "<group>"; };
		A7A11698F57327E9770EA541 /* PaperProbeDocument.swift */ = {isa = PBXFileReference; includeInIndex = 1; lastKnownFileType = sourcecode.swift; name = PaperProbeDocument.swift; path = PairNotes/Canvas/NativePaper/PaperProbeDocument.swift; sourceTree = "<group>"; };
		A9AE94CEF9B8DC555EC613B6 /* RootView.swift */ = {isa = PBXFileReference; includeInIndex = 1; lastKnownFileType = sourcecode.swift; name = RootView.swift; path = PairNotes/App/RootView.swift; sourceTree = "<group>"; };
		AB9D1AD005BACC480E0C0FAE /* CouplePhoto.swift */ = {isa = PBXFileReference; includeInIndex = 1; lastKnownFileType = sourcecode.swift; name = CouplePhoto.swift; path = PairNotes/Core/Domain/CouplePhoto.swift; sourceTree = "<group>"; };
		AED09771DC5C95B2CA2188C8 /* Pairing.swift */ = {isa = PBXFileReference; includeInIndex = 1; lastKnownFileType = sourcecode.swift; name = Pairing.swift; path = PairNotes/Core/Domain/Pairing.swift; sourceTree = "<group>"; };
		B051FF90353B8FE439A6E86A /* WidgetSnapshotStore.swift */ = {isa = PBXFileReference; includeInIndex = 1; lastKnownFileType = sourcecode.swift; name = WidgetSnapshotStore.swift; path = PairNotes/Core/Persistence/WidgetSnapshotStore.swift; sourceTree = "<group>"; };
		B1DDA8788D8B4A9DF7E9A5BB /* MessageCompositionTests.swift */ = {isa = PBXFileReference; includeInIndex = 1; lastKnownFileType = sourcecode.swift; name = MessageCompositionTests.swift; path = PairNotes/Tests/NativeTests/MessageCompositionTests.swift; sourceTree = "<group>"; };
		B25DE4C1C0C616CF87F162ED /* PairNotesCore.framework */ = {isa = PBXFileReference; explicitFileType = wrapper.framework; includeInIndex = 0; path = PairNotesCore.framework; sourceTree = BUILT_PRODUCTS_DIR; };
		B43243F9357BC154D804B56A /* DraftCatalogStore.swift */ = {isa = PBXFileReference; includeInIndex = 1; lastKnownFileType = sourcecode.swift; name = DraftCatalogStore.swift; path = PairNotes/Core/Persistence/DraftCatalogStore.swift; sourceTree = "<group>"; };
		B521C515E9E5F536D4D79D45 /* WidgetLocationSampler.swift */ = {isa = PBXFileReference; includeInIndex = 1; lastKnownFileType = sourcecode.swift; name = WidgetLocationSampler.swift; path = PairNotes/Widgets/SharedSnapshot/WidgetLocationSampler.swift; sourceTree = "<group>"; };
		B97393C41CEE5EF77B21208C /* WidgetDistanceLayoutTests.swift */ = {isa = PBXFileReference; includeInIndex = 1; lastKnownFileType = sourcecode.swift; name = WidgetDistanceLayoutTests.swift; path = PairNotes/Tests/NativeTests/WidgetDistanceLayoutTests.swift; sourceTree = "<group>"; };
		BA3A6D05A377A17B394A7050 /* MessagesView.swift */ = {isa = PBXFileReference; includeInIndex = 1; lastKnownFileType = sourcecode.swift; name = MessagesView.swift; path = PairNotes/Features/Couple/MessagesView.swift; sourceTree = "<group>"; };
		BE0F14FACD03AE562D4EC20F /* ServiceConfigurationTests.swift */ = {isa = PBXFileReference; includeInIndex = 1; lastKnownFileType = sourcecode.swift; name = ServiceConfigurationTests.swift; path = PairNotes/Tests/NativeTests/ServiceConfigurationTests.swift; sourceTree = "<group>"; };
		C4104C7DEF0DDD767AD74D20 /* RailwayClient.swift */ = {isa = PBXFileReference; includeInIndex = 1; lastKnownFileType = sourcecode.swift; name = RailwayClient.swift; path = PairNotes/Services/RailwayClient.swift; sourceTree = "<group>"; };
		C47D0DE72CD3C7FB46CDDF48 /* DraftLibraryView.swift */ = {isa = PBXFileReference; includeInIndex = 1; lastKnownFileType = sourcecode.swift; name = DraftLibraryView.swift; path = PairNotes/Features/Editor/DraftLibraryView.swift; sourceTree = "<group>"; };
		C49FCD3ED919F063C71DE7AF /* Affection.swift */ = {isa = PBXFileReference; includeInIndex = 1; lastKnownFileType = sourcecode.swift; name = Affection.swift; path = PairNotes/Core/Domain/Affection.swift; sourceTree = "<group>"; };
		C5F37D725A6BCF6564D33E8D /* ContentDigest.swift */ = {isa = PBXFileReference; includeInIndex = 1; lastKnownFileType = sourcecode.swift; name = ContentDigest.swift; path = PairNotes/Core/Persistence/ContentDigest.swift; sourceTree = "<group>"; };
		C68B19DEE060E1AB6B62F737 /* PaperCreativeTools.swift */ = {isa = PBXFileReference; includeInIndex = 1; lastKnownFileType = sourcecode.swift; name = PaperCreativeTools.swift; path = PairNotes/Canvas/NativePaper/PaperCreativeTools.swift; sourceTree = "<group>"; };
		C819CA5396C105519331CA24 /* LetterStationery.swift */ = {isa = PBXFileReference; includeInIndex = 1; lastKnownFileType = sourcecode.swift; name = LetterStationery.swift; path = PairNotes/Features/Couple/LetterStationery.swift; sourceTree = "<group>"; };
		C9FB2741ED063F800FE66070 /* PaperRoundTripTests.swift */ = {isa = PBXFileReference; includeInIndex = 1; lastKnownFileType = sourcecode.swift; name = PaperRoundTripTests.swift; path = PairNotes/Tests/NativeTests/PaperRoundTripTests.swift; sourceTree = "<group>"; };
		CE06981EDF620B0EEAAA7043 /* PairNotesApp.swift */ = {isa = PBXFileReference; includeInIndex = 1; lastKnownFileType = sourcecode.swift; name = PairNotesApp.swift; path = PairNotes/App/PairNotesApp.swift; sourceTree = "<group>"; };
		D1A7FA0B5B24123BED2F88E9 /* PairNotesUITests.xctest */ = {isa = PBXFileReference; explicitFileType = wrapper.cfbundle; includeInIndex = 0; path = PairNotesUITests.xctest; sourceTree = BUILT_PRODUCTS_DIR; };
		D4170A70B36FB74E36AF316E /* WidgetRemoteClientTests.swift */ = {isa = PBXFileReference; includeInIndex = 1; lastKnownFileType = sourcecode.swift; name = WidgetRemoteClientTests.swift; path = PairNotes/Tests/NativeTests/WidgetRemoteClientTests.swift; sourceTree = "<group>"; };
		DB2F4F59CD2BABD6D2128D99 /* ReactionBubble.swift */ = {isa = PBXFileReference; includeInIndex = 1; lastKnownFileType = sourcecode.swift; name = ReactionBubble.swift; path = PairNotes/Widgets/SharedSnapshot/ReactionBubble.swift; sourceTree = "<group>"; };
		DBDDABCBE8D47E0205D0AF9F /* ServiceConfiguration.swift */ = {isa = PBXFileReference; includeInIndex = 1; lastKnownFileType = sourcecode.swift; name = ServiceConfiguration.swift; path = PairNotes/Services/ServiceConfiguration.swift; sourceTree = "<group>"; };
		DC08FD4A214D6C5E699DC121 /* ScrapbookPage.swift */ = {isa = PBXFileReference; includeInIndex = 1; lastKnownFileType = sourcecode.swift; name = ScrapbookPage.swift; path = PairNotes/Features/Timeline/ScrapbookPage.swift; sourceTree = "<group>"; };
		DCE447FE6429388523897240 /* PrivacyInfo.xcprivacy */ = {isa = PBXFileReference; includeInIndex = 1; lastKnownFileType = text.xml; name = PrivacyInfo.xcprivacy; path = PairNotes/App/PrivacyInfo.xcprivacy; sourceTree = "<group>"; };
		E181E01711512EE4EBDB0933 /* AudioMessageComposer.swift */ = {isa = PBXFileReference; includeInIndex = 1; lastKnownFileType = sourcecode.swift; name = AudioMessageComposer.swift; path = PairNotes/Features/Couple/AudioMessageComposer.swift; sourceTree = "<group>"; };
		E97617BE31D80E880ECB90B9 /* NoteDocument.swift */ = {isa = PBXFileReference; includeInIndex = 1; lastKnownFileType = sourcecode.swift; name = NoteDocument.swift; path = PairNotes/Core/Domain/NoteDocument.swift; sourceTree = "<group>"; };
		EB6F33F5AF7D0DF57D4B8FE7 /* PairNotesWidgetBundle.swift */ = {isa = PBXFileReference; includeInIndex = 1; lastKnownFileType = sourcecode.swift; name = PairNotesWidgetBundle.swift; path = PairNotes/Widgets/NoteWidget/PairNotesWidgetBundle.swift; sourceTree = "<group>"; };
		EB99EC200A7C100DA6EA4F0E /* CoupleWidgets.swift */ = {isa = PBXFileReference; includeInIndex = 1; lastKnownFileType = sourcecode.swift; name = CoupleWidgets.swift; path = PairNotes/Widgets/NoteWidget/CoupleWidgets.swift; sourceTree = "<group>"; };
		EDC4E1984EE70769B13889BB /* SharedMemoryViews.swift */ = {isa = PBXFileReference; includeInIndex = 1; lastKnownFileType = sourcecode.swift; name = SharedMemoryViews.swift; path = PairNotes/Features/Timeline/SharedMemoryViews.swift; sourceTree = "<group>"; };
		F4A842B7CD7538A21BB40114 /* ReactionBubbleTests.swift */ = {isa = PBXFileReference; includeInIndex = 1; lastKnownFileType = sourcecode.swift; name = ReactionBubbleTests.swift; path = PairNotes/Tests/NativeTests/ReactionBubbleTests.swift; sourceTree = "<group>"; };
		F6A54131955750C398A51DFB /* Providers.swift */ = {isa = PBXFileReference; includeInIndex = 1; lastKnownFileType = sourcecode.swift; name = Providers.swift; path = PairNotes/Core/Domain/Providers.swift; sourceTree = "<group>"; };
		F957D8C89CC5EF61E44D3AE0 /* AppModel.swift */ = {isa = PBXFileReference; includeInIndex = 1; lastKnownFileType = sourcecode.swift; name = AppModel.swift; path = PairNotes/App/AppModel.swift; sourceTree = "<group>"; };
		FEE4D0915AF80805E27161C5 /* CoupleChatHistoryTests.swift */ = {isa = PBXFileReference; includeInIndex = 1; lastKnownFileType = sourcecode.swift; name = CoupleChatHistoryTests.swift; path = PairNotes/Tests/NativeTests/CoupleChatHistoryTests.swift; sourceTree = "<group>"; };
		FFACE15E812B2AF8B10A8942 /* VoiceWaveform.swift */ = {isa = PBXFileReference; includeInIndex = 1; lastKnownFileType = sourcecode.swift; name = VoiceWaveform.swift; path = PairNotes/Core/Domain/VoiceWaveform.swift; sourceTree = "<group>"; };
/* End PBXFileReference section */

/* Begin PBXFrameworksBuildPhase section */
		03E0199364710FD6D00C830E /* Frameworks */ = {
			isa = PBXFrameworksBuildPhase;
			buildActionMask = 2147483647;
			files = (
				E5A27A14FD6D9CD74EE820CA /* Foundation.framework in Frameworks */,
			);
			runOnlyForDeploymentPostprocessing = 0;
		};
		2797F45D5B354A201BBA2DF4 /* Frameworks */ = {
			isa = PBXFrameworksBuildPhase;
			buildActionMask = 2147483647;
			files = (
				94A56CF38D2351DA60B7D94D /* Foundation.framework in Frameworks */,
				BD4C0469097F2C486A4D3BB6 /* GoogleSignIn in Frameworks */,
				22435CCAA6650525D26CEECD /* PairNotesCore.framework in Frameworks */,
			);
			runOnlyForDeploymentPostprocessing = 0;
		};
		7A6858B0F4A43C5AB560A9BC /* Frameworks */ = {
			isa = PBXFrameworksBuildPhase;
			buildActionMask = 2147483647;
			files = (
				21750373F2760378F8EDA237 /* Foundation.framework in Frameworks */,
				38EF6E89BFA2F535DAD2B00B /* PairNotesCore.framework in Frameworks */,
			);
			runOnlyForDeploymentPostprocessing = 0;
		};
		AB853AC8E9D46555CEBC2FCB /* Frameworks */ = {
			isa = PBXFrameworksBuildPhase;
			buildActionMask = 2147483647;
			files = (
				04391163AF4B727894C5432A /* Foundation.framework in Frameworks */,
			);
			runOnlyForDeploymentPostprocessing = 0;
		};
		D5BEB5E20D43CB54DCFB9406 /* Frameworks */ = {
			isa = PBXFrameworksBuildPhase;
			buildActionMask = 2147483647;
			files = (
				04EFD805A274646B6B61CB88 /* Foundation.framework in Frameworks */,
				0F61CF87EDE4A90A1199E917 /* PairNotesCore.framework in Frameworks */,
			);
			runOnlyForDeploymentPostprocessing = 0;
		};
/* End PBXFrameworksBuildPhase section */

/* Begin PBXGroup section */
		4BE9EA08FC6345F1659E63AD /* Frameworks */ = {
			isa = PBXGroup;
			children = (
				841E8C15EC1D2495D3D91E5E /* iOS */,
			);
			name = Frameworks;
			sourceTree = "<group>";
		};
		841E8C15EC1D2495D3D91E5E /* iOS */ = {
			isa = PBXGroup;
			children = (
				63D622475F5207FBC9CC5DB8 /* Foundation.framework */,
				51C7D873D63E3B5FB4AA6842 /* Foundation.framework */,
			);
			name = iOS;
			sourceTree = "<group>";
		};
		8C8D2E276A5F94ADB56E55D4 = {
			isa = PBXGroup;
			children = (
				A9D6DAAAED645012D2B5B9E8 /* Products */,
				4BE9EA08FC6345F1659E63AD /* Frameworks */,
				7E255A1974FAD74DE28CBDD2 /* Base.xcconfig */,
				2D00FDCBFAB2505F9B37BC10 /* CoupleSpace.swift */,
				E97617BE31D80E880ECB90B9 /* NoteDocument.swift */,
				AED09771DC5C95B2CA2188C8 /* Pairing.swift */,
				F6A54131955750C398A51DFB /* Providers.swift */,
				2F940871290E8CD621DF8546 /* RemoteNote.swift */,
				17CE9F33F0A958C047B5C0BC /* SharedMemory.swift */,
				0E0A88EF19929165A710182E /* MockProviders.swift */,
				C5F37D725A6BCF6564D33E8D /* ContentDigest.swift */,
				B43243F9357BC154D804B56A /* DraftCatalogStore.swift */,
				0DCF6C102BAA62894E83BAA1 /* DurableOutbox.swift */,
				68BACBE62DC8C7E676F8B77D /* FileDraftStore.swift */,
				B051FF90353B8FE439A6E86A /* WidgetSnapshotStore.swift */,
				F957D8C89CC5EF61E44D3AE0 /* AppModel.swift */,
				CE06981EDF620B0EEAAA7043 /* PairNotesApp.swift */,
				A9AE94CEF9B8DC555EC613B6 /* RootView.swift */,
				3E97C967520D23D216F9943B /* NativePaperProbe.swift */,
				58815EE31066D1D0180B769C /* PaperProbeController.swift */,
				A7A11698F57327E9770EA541 /* PaperProbeDocument.swift */,
				3E2CA06401CEB5C521B470C2 /* PhotoCropEditor.swift */,
				20A57427CCCC7FFA4AFA9F9E /* CoupleSpaceViews.swift */,
				58CBEEFDE6F4C6C9F6F7C598 /* CoupleView.swift */,
				BA3A6D05A377A17B394A7050 /* MessagesView.swift */,
				C47D0DE72CD3C7FB46CDDF48 /* DraftLibraryView.swift */,
				04751BC41DA7A76476262C15 /* HomeView.swift */,
				EDC4E1984EE70769B13889BB /* SharedMemoryViews.swift */,
				37A44CE2E46D473F4ADF40DD /* TimelineView.swift */,
				90C0F66992450B0DB7430EAD /* AppServices.swift */,
				71D121EEBCF3007D4F9EF373 /* AppleSignInRequest.swift */,
				05E7593B2F6C7038350A3359 /* CloudNotesService.swift */,
				666F2B72ACDF047A95A05C22 /* CoupleSpaceService.swift */,
				13C4562AA80463903AAA2C49 /* LocationSharingController.swift */,
				5A061225091C922828138034 /* MonthlyReminderService.swift */,
				A6DD900A021F89A8BB269FDD /* NotificationServices.swift */,
				C4104C7DEF0DDD767AD74D20 /* RailwayClient.swift */,
				DBDDABCBE8D47E0205D0AF9F /* ServiceConfiguration.swift */,
				6BF2920A57ECD97A9EEDCF9D /* SharedWidgetContainer.swift */,
				0E6159B88137BF21592FC1F5 /* WidgetAccessStore.swift */,
				231DFAA5F216363FBBAE49C4 /* WidgetRemoteClient.swift */,
				EB99EC200A7C100DA6EA4F0E /* CoupleWidgets.swift */,
				8D0037017CA46317C7DE86B8 /* NoteWidget.swift */,
				EB6F33F5AF7D0DF57D4B8FE7 /* PairNotesWidgetBundle.swift */,
				62C27CCE5C14D5AA8DE64E6F /* MonthlyReminderServiceTests.swift */,
				0B20DEC74EAA9213E2DD6CB8 /* NativeEditorPersistenceTests.swift */,
				C9FB2741ED063F800FE66070 /* PaperRoundTripTests.swift */,
				BE0F14FACD03AE562D4EC20F /* ServiceConfigurationTests.swift */,
				D4170A70B36FB74E36AF316E /* WidgetRemoteClientTests.swift */,
				1944EA3B4183DB4530BE5656 /* Assets.xcassets */,
				DCE447FE6429388523897240 /* PrivacyInfo.xcprivacy */,
				9C52C05971195800ECE84BBE /* PrivacyInfo.xcprivacy */,
				1E6E8D2520119FF6A7129CA9 /* PrivateImageCache.swift */,
				2CD92B990CCA77A8143AC1CE /* CouplePersonalization.swift */,
				9674146EDF6DC10AE7F7BEA9 /* PersonalizationView.swift */,
				6F5188C3712C9017AC5B1702 /* MemoryCompositionDraft.swift */,
				DC08FD4A214D6C5E699DC121 /* ScrapbookPage.swift */,
				6F602F69962A6ED07CD1F136 /* CoupleThemeStyle.swift */,
				C49FCD3ED919F063C71DE7AF /* Affection.swift */,
				FFACE15E812B2AF8B10A8942 /* VoiceWaveform.swift */,
				A2B91A62138F779982E65E1D /* AffectionService.swift */,
				6A35627F4212DEE028F9A0A0 /* VoiceNoteController.swift */,
				9AE147033D7E25C2944104CF /* AffectionViews.swift */,
				5F3F9A9DB9D9B675C7B0F55C /* VoiceNoteViews.swift */,
				53B7191D3DCAEFCE33D93DB6 /* LettersView.swift */,
				810B43FB67E2D187E3A04D41 /* LetterComposer.swift */,
				793761937193EC6D4C5C9CBB /* PhotoViewer.swift */,
				C68B19DEE060E1AB6B62F737 /* PaperCreativeTools.swift */,
				2B894C74C2B1D8A138093675 /* CouplePhotoViews.swift */,
				51AAD1DC397D1F4F36DCA323 /* QuickPhotoComposer.swift */,
				25C60602CDB5BB2B05305BA6 /* PhotoLibrarySheet.swift */,
				3475FF7221D2421CB688B8C7 /* PairPhotoActivityController.swift */,
				825F922BC4FDFC6C6AC8243E /* CoupleDistancePresentation.swift */,
				4737210C7B9D72257EDC1C3F /* PairPhotoActivityAttributes.swift */,
				01E463DF9B88CD4857AC4B66 /* PhotoReactionIntents.swift */,
				3403EC467A49980D54C898A4 /* PhotoWidget.swift */,
				AB9D1AD005BACC480E0C0FAE /* CouplePhoto.swift */,
				8688BACE480A357CB33EB690 /* EditorInteractionTests.swift */,
				C819CA5396C105519331CA24 /* LetterStationery.swift */,
				04EF4439C02F5AE7F58FFD0E /* WidgetProfileAvatar.swift */,
				85328A38EE92B8AA1867FAB5 /* WidgetProfileAvatarTests.swift */,
				B521C515E9E5F536D4D79D45 /* WidgetLocationSampler.swift */,
				8A671A977D7B6DB8F1EEA1CE /* WidgetNotePaper.swift */,
				647C3789C9568E9629FAB245 /* WidgetLocationRefreshTests.swift */,
				4017AEFC9D1D7D89F70DD9DC /* WidgetNotePaperTests.swift */,
				535CB414541D0E5533EA196B /* WidgetDistanceContent.swift */,
				B97393C41CEE5EF77B21208C /* WidgetDistanceLayoutTests.swift */,
				E181E01711512EE4EBDB0933 /* AudioMessageComposer.swift */,
				54FA47E32850D3761A6211E7 /* ChatMessageComposer.swift */,
				854779E5F0B9E75EB3588832 /* CoupleChatCards.swift */,
				0964986342C96DEF1972879B /* CoupleChatHistory.swift */,
				6A9EEF568D8ECE53D6B1D577 /* CoupleChatView.swift */,
				7158D8EC270E0000A8577E03 /* MessageOpeningControl.swift */,
				A09DBDEC2D24B2F345854CEA /* ConversationHistoryService.swift */,
				6504F28C65A92649301C52F1 /* PhotoHistoryService.swift */,
				DB2F4F59CD2BABD6D2128D99 /* ReactionBubble.swift */,
				48C60001ADA2CD7EFB986C5F /* ChatComposerLayoutTests.swift */,
				B1DDA8788D8B4A9DF7E9A5BB /* MessageCompositionTests.swift */,
				F4A842B7CD7538A21BB40114 /* ReactionBubbleTests.swift */,
				021EC57B02E9EED4827754E6 /* CoupleConversation.swift */,
				FEE4D0915AF80805E27161C5 /* CoupleChatHistoryTests.swift */,
				5B7402A8C483EABF9951345E /* ChatInteractionFixture.swift */,
				2228B40AC1415219F0D70467 /* ChatConversationScrollView.swift */,
				394B9F0C1BDE68EE1B177088 /* LetterComposerLayoutTests.swift */,
				1F69254FC515D5F3B7100C67 /* ChatInteractionTests.swift */,
			);
			sourceTree = "<group>";
		};
		A9D6DAAAED645012D2B5B9E8 /* Products */ = {
			isa = PBXGroup;
			children = (
				3B0294E36D0B60C73BA4E982 /* PairNotes.app */,
				309D5AF2D9342A78FEB8FAED /* PairNotesWidgets.appex */,
				B25DE4C1C0C616CF87F162ED /* PairNotesCore.framework */,
				619125B37D59C85FF3161A4A /* PairNotesNativeTests.xctest */,
				D1A7FA0B5B24123BED2F88E9 /* PairNotesUITests.xctest */,
			);
			name = Products;
			sourceTree = "<group>";
		};
/* End PBXGroup section */

/* Begin PBXHeadersBuildPhase section */
		368CC4FB358D5D4333B5CDF7 /* Headers */ = {
			isa = PBXHeadersBuildPhase;
			buildActionMask = 2147483647;
			files = (
			);
			runOnlyForDeploymentPostprocessing = 0;
		};
/* End PBXHeadersBuildPhase section */

/* Begin PBXNativeTarget section */
		3141CF32608FB9520C1D2EE9 /* PairNotesNativeTests */ = {
			isa = PBXNativeTarget;
			buildConfigurationList = 4F0A3343EDE736443D8E13E4 /* Build configuration list for PBXNativeTarget "PairNotesNativeTests" */;
			buildPhases = (
				7E140C69A17549CE2DF11F62 /* Sources */,
				D5BEB5E20D43CB54DCFB9406 /* Frameworks */,
				705B2AD2D36DD1D5F08B276A /* Resources */,
			);
			buildRules = (
			);
			dependencies = (
				858A3CF145D64EADC0DCD215 /* PBXTargetDependency */,
				0896DB713B16569ACD460D9B /* PBXTargetDependency */,
			);
			name = PairNotesNativeTests;
			productName = PairNotesNativeTests;
			productReference = 619125B37D59C85FF3161A4A /* PairNotesNativeTests.xctest */;
			productType = "com.apple.product-type.bundle.unit-test";
		};
		B5BE837661CB644422626C97 /* PairNotes */ = {
			isa = PBXNativeTarget;
			buildConfigurationList = 669C35E1D744F96E98F93616 /* Build configuration list for PBXNativeTarget "PairNotes" */;
			buildPhases = (
				3D4FE77895053E3811226AEE /* Sources */,
				2797F45D5B354A201BBA2DF4 /* Frameworks */,
				B841EC5D6A01223912898F7C /* Resources */,
				FA155AEF8DB3D80E7B7226C1 /* Embed App Extensions */,
			);
			buildRules = (
			);
			dependencies = (
				9DF43284E317F9DE0CB80AE7 /* PBXTargetDependency */,
				44ABB1DFE1E723C99152A0D0 /* PBXTargetDependency */,
			);
			name = PairNotes;
			packageProductDependencies = (
				F996176B4DB95C808F341726 /* GoogleSignIn */,
			);
			productName = PairNotes;
			productReference = 3B0294E36D0B60C73BA4E982 /* PairNotes.app */;
			productType = "com.apple.product-type.application";
		};
		BA080A61F29101F70321C819 /* PairNotesWidgets */ = {
			isa = PBXNativeTarget;
			buildConfigurationList = EF15E17E66B29722D8A84A22 /* Build configuration list for PBXNativeTarget "PairNotesWidgets" */;
			buildPhases = (
				6F9C3DFFCB2E5D91AF3ADD0C /* Sources */,
				7A6858B0F4A43C5AB560A9BC /* Frameworks */,
				9A4CE168DF6F09C21F9402B0 /* Resources */,
			);
			buildRules = (
			);
			dependencies = (
				F718D765DBF0B95BB56EE367 /* PBXTargetDependency */,
			);
			name = PairNotesWidgets;
			productName = PairNotesWidgets;
			productReference = 309D5AF2D9342A78FEB8FAED /* PairNotesWidgets.appex */;
			productType = "com.apple.product-type.app-extension";
		};
		F4BF87CC2398A4F2E5D2C99C /* PairNotesUITests */ = {
			isa = PBXNativeTarget;
			buildConfigurationList = DDD5B332957E1D6648DBCDC9 /* Build configuration list for PBXNativeTarget "PairNotesUITests" */;
			buildPhases = (
				98924ADE7D6999882D26D78F /* Sources */,
				AB853AC8E9D46555CEBC2FCB /* Frameworks */,
				EDB5C2584719F9D17ACE9210 /* Resources */,
			);
			buildRules = (
			);
			dependencies = (
				2351E019B167BD44D1D2C36C /* PBXTargetDependency */,
			);
			name = PairNotesUITests;
			productName = PairNotesUITests;
			productReference = D1A7FA0B5B24123BED2F88E9 /* PairNotesUITests.xctest */;
			productType = "com.apple.product-type.bundle.ui-testing";
		};
		F97AA093B99F7DA208D4B93E /* PairNotesCore */ = {
			isa = PBXNativeTarget;
			buildConfigurationList = BCAE131C02A153D02957E43B /* Build configuration list for PBXNativeTarget "PairNotesCore" */;
			buildPhases = (
				368CC4FB358D5D4333B5CDF7 /* Headers */,
				400790FF3C7EFD348AA4C1C6 /* Sources */,
				03E0199364710FD6D00C830E /* Frameworks */,
				492B061AA8EEE87AEC60CE1F /* Resources */,
			);
			buildRules = (
			);
			dependencies = (
			);
			name = PairNotesCore;
			productName = PairNotesCore;
			productReference = B25DE4C1C0C616CF87F162ED /* PairNotesCore.framework */;
			productType = "com.apple.product-type.framework";
		};
/* End PBXNativeTarget section */

/* Begin PBXProject section */
		521BA4D92B520A6F3DAC5ABC /* Project object */ = {
			isa = PBXProject;
			attributes = {
				LastSwiftUpdateCheck = 1600;
				LastUpgradeCheck = 1600;
				TargetAttributes = {
					F4BF87CC2398A4F2E5D2C99C = {
						TestTargetID = B5BE837661CB644422626C97;
					};
				};
			};
			buildConfigurationList = C4EF310719846389A54F7056 /* Build configuration list for PBXProject "PairNotes" */;
			compatibilityVersion = "Xcode 3.2";
			developmentRegion = en;
			hasScannedForEncodings = 0;
			knownRegions = (
				en,
				Base,
			);
			mainGroup = 8C8D2E276A5F94ADB56E55D4;
			minimizedProjectReferenceProxies = 0;
			packageReferences = (
				18DEE205493E38649C98ED12 /* XCRemoteSwiftPackageReference "GoogleSignIn-iOS" */,
			);
			preferredProjectObjectVersion = 77;
			productRefGroup = A9D6DAAAED645012D2B5B9E8 /* Products */;
			projectDirPath = "";
			projectRoot = "";
			targets = (
				B5BE837661CB644422626C97 /* PairNotes */,
				BA080A61F29101F70321C819 /* PairNotesWidgets */,
				F97AA093B99F7DA208D4B93E /* PairNotesCore */,
				3141CF32608FB9520C1D2EE9 /* PairNotesNativeTests */,
				F4BF87CC2398A4F2E5D2C99C /* PairNotesUITests */,
			);
		};
/* End PBXProject section */

/* Begin PBXResourcesBuildPhase section */
		492B061AA8EEE87AEC60CE1F /* Resources */ = {
			isa = PBXResourcesBuildPhase;
			buildActionMask = 2147483647;
			files = (
			);
			runOnlyForDeploymentPostprocessing = 0;
		};
		705B2AD2D36DD1D5F08B276A /* Resources */ = {
			isa = PBXResourcesBuildPhase;
			buildActionMask = 2147483647;
			files = (
			);
			runOnlyForDeploymentPostprocessing = 0;
		};
		9A4CE168DF6F09C21F9402B0 /* Resources */ = {
			isa = PBXResourcesBuildPhase;
			buildActionMask = 2147483647;
			files = (
				7AEAE8086498DCB0525F4845 /* PrivacyInfo.xcprivacy in Resources */,
			);
			runOnlyForDeploymentPostprocessing = 0;
		};
		B841EC5D6A01223912898F7C /* Resources */ = {
			isa = PBXResourcesBuildPhase;
			buildActionMask = 2147483647;
			files = (
				AC0B099AE24AE666C6054E8D /* Assets.xcassets in Resources */,
				A3CB52786405DFAB1E53BAD2 /* PrivacyInfo.xcprivacy in Resources */,
			);
			runOnlyForDeploymentPostprocessing = 0;
		};
		EDB5C2584719F9D17ACE9210 /* Resources */ = {
			isa = PBXResourcesBuildPhase;
			buildActionMask = 2147483647;
			files = (
			);
			runOnlyForDeploymentPostprocessing = 0;
		};
/* End PBXResourcesBuildPhase section */

/* Begin PBXSourcesBuildPhase section */
		3D4FE77895053E3811226AEE /* Sources */ = {
			isa = PBXSourcesBuildPhase;
			buildActionMask = 2147483647;
			files = (
				E209665E34AF86BF40C50524 /* AppModel.swift in Sources */,
				632D1DDBD3E314F3AE98B526 /* PairNotesApp.swift in Sources */,
				EAA23D7D5B3FD27B9D6A98C6 /* RootView.swift in Sources */,
				1EEA8035D03B88C53F44210A /* NativePaperProbe.swift in Sources */,
				AA8D9E605E258260AE2F0197 /* PaperProbeController.swift in Sources */,
				64FB8ECFA0741011D1E6C048 /* PaperProbeDocument.swift in Sources */,
				81A8875C4D0B4D54F602CB18 /* PhotoCropEditor.swift in Sources */,
				14C873D16082CC2CEF87526C /* CoupleSpaceViews.swift in Sources */,
				3A0C2A7E5825D39496493233 /* CoupleView.swift in Sources */,
				CDD6E5334EEBE4F47D849721 /* MessagesView.swift in Sources */,
				31B6D8BF4F60374775F5D89F /* DraftLibraryView.swift in Sources */,
				19C622A29F7264D2CF1AC4FF /* HomeView.swift in Sources */,
				6C16CAFA3C9A9E42D13877A8 /* SharedMemoryViews.swift in Sources */,
				EC3F5DDA382A9584D127E810 /* TimelineView.swift in Sources */,
				2C960753364A837F40EEAEFC /* AppServices.swift in Sources */,
				3E8A96562BD6BBFCC7DF8950 /* AppleSignInRequest.swift in Sources */,
				F865CA16F761862CC5F1D7D0 /* CloudNotesService.swift in Sources */,
				98348072FE98C67CC0BE51F8 /* CoupleSpaceService.swift in Sources */,
				47E38CF330814F694AEFE54A /* LocationSharingController.swift in Sources */,
				082316070D15852F88D5836D /* MonthlyReminderService.swift in Sources */,
				ED25BD84357994A9316692D3 /* NotificationServices.swift in Sources */,
				9C948EB654F009A72B1DAABC /* RailwayClient.swift in Sources */,
				E9401E196FA0DC80F2767265 /* ServiceConfiguration.swift in Sources */,
				CCA534419DD2586DFA9AC143 /* SharedWidgetContainer.swift in Sources */,
				37B8E44A005ACEC0247FE5DA /* WidgetAccessStore.swift in Sources */,
				865B63DA869E0AF90471A42A /* WidgetRemoteClient.swift in Sources */,
				98C4615C621D3840E52F3CFC /* PersonalizationView.swift in Sources */,
				9F5FDE47C8C9E4F638B785C6 /* MemoryCompositionDraft.swift in Sources */,
				D7776262650E80BE51D59EE9 /* ScrapbookPage.swift in Sources */,
				1FD3E1137929B10B01688F4D /* CoupleThemeStyle.swift in Sources */,
				9E52D62D35778255BAEF098A /* AffectionService.swift in Sources */,
				0304076149229364E38CB8A8 /* VoiceNoteController.swift in Sources */,
				960B2FB4FD85643E8EA96DD1 /* AffectionViews.swift in Sources */,
				2CD053BF5695F5EE88025B51 /* VoiceNoteViews.swift in Sources */,
				BB97D018F5BE1224C691C65D /* LettersView.swift in Sources */,
				DEDD3E8A33E872580E1C6B28 /* LetterComposer.swift in Sources */,
				0DEC0115B0D9DA1B73F96C41 /* PhotoViewer.swift in Sources */,
				08B9B7250A5F1D3AB80389D8 /* PaperCreativeTools.swift in Sources */,
				F0F5E1F4C091261ACEEC542A /* CouplePhotoViews.swift in Sources */,
				FE27CFB76688184786AE3C5C /* QuickPhotoComposer.swift in Sources */,
				BCD58F2DCC2860A7072DCC75 /* PhotoLibrarySheet.swift in Sources */,
				C10145D393B391629283A5BB /* PairPhotoActivityController.swift in Sources */,
				4C0B5A720595E835B3D7573F /* CoupleDistancePresentation.swift in Sources */,
				7A00278330197B1C3E30924B /* PairPhotoActivityAttributes.swift in Sources */,
				33D49B32794362B2B9D4950C /* PhotoReactionIntents.swift in Sources */,
				3E03C66DFD0DB5E7E626758A /* LetterStationery.swift in Sources */,
				D54629982FA54B76A75C3DBF /* WidgetProfileAvatar.swift in Sources */,
				E91538AE75E0F1067610BCCF /* WidgetLocationSampler.swift in Sources */,
				9D3BC67961402E7A07823E36 /* WidgetNotePaper.swift in Sources */,
				76FE0D8B3E12392DB5A1DEF1 /* WidgetDistanceContent.swift in Sources */,
				C9C8E16843D4BA73BC2B75CF /* AudioMessageComposer.swift in Sources */,
				DDAA047E9BE468E9DE710507 /* ChatMessageComposer.swift in Sources */,
				EFA671607A54FE5DB3B18CBA /* CoupleChatCards.swift in Sources */,
				1BD99BD014138D9BD9E97E7C /* CoupleChatHistory.swift in Sources */,
				D422E4BB8517E7EF4FE94AF2 /* CoupleChatView.swift in Sources */,
				915508983834E491995F3A63 /* MessageOpeningControl.swift in Sources */,
				989AF269F9524B9F46FE5473 /* ConversationHistoryService.swift in Sources */,
				3ED69A09B944D4F746907801 /* PhotoHistoryService.swift in Sources */,
				8EFDAB7C606C6E368AA988C3 /* ReactionBubble.swift in Sources */,
				79F2BCB5287AE69D803D2E1D /* ChatInteractionFixture.swift in Sources */,
				73024FB115586A0466EEAB0E /* ChatConversationScrollView.swift in Sources */,
			);
			runOnlyForDeploymentPostprocessing = 0;
		};
		400790FF3C7EFD348AA4C1C6 /* Sources */ = {
			isa = PBXSourcesBuildPhase;
			buildActionMask = 2147483647;
			files = (
				BC81A6597B89DDDB7FA0D06F /* CoupleSpace.swift in Sources */,
				CE4216EE35FB5D04F465EB7F /* NoteDocument.swift in Sources */,
				02D44C6E33A2DE693888A8EC /* Pairing.swift in Sources */,
				8F16032F50054AF3855AC6FD /* Providers.swift in Sources */,
				002D2CF70F0AA1C0E28F8F22 /* RemoteNote.swift in Sources */,
				31F218F886F6F1BADA75071C /* SharedMemory.swift in Sources */,
				B5FB13A7464865821D01EC40 /* MockProviders.swift in Sources */,
				D5BCB0EC59992EB6321689EE /* ContentDigest.swift in Sources */,
				EA42956EE4563C6D80259C0D /* DraftCatalogStore.swift in Sources */,
				64BF25EEB3D7C0AFAF57ACA6 /* DurableOutbox.swift in Sources */,
				40743ED38405792ED5FE3BB6 /* FileDraftStore.swift in Sources */,
				C576966A5A3D3BC7EB5C18CE /* WidgetSnapshotStore.swift in Sources */,
				0029A48A26BF698DE25B15E1 /* PrivateImageCache.swift in Sources */,
				58E292D37564894D87CB330E /* CouplePersonalization.swift in Sources */,
				9EEDEF9113F62548B216AE08 /* Affection.swift in Sources */,
				DB4D127AF48A87B047DAD355 /* VoiceWaveform.swift in Sources */,
				7FF2F3874E2328F95BDD3AD0 /* CouplePhoto.swift in Sources */,
				52047C4E1D4738C1BD60705A /* CoupleConversation.swift in Sources */,
			);
			runOnlyForDeploymentPostprocessing = 0;
		};
		6F9C3DFFCB2E5D91AF3ADD0C /* Sources */ = {
			isa = PBXSourcesBuildPhase;
			buildActionMask = 2147483647;
			files = (
				9F6C8E670D04875353F6B142 /* CoupleWidgets.swift in Sources */,
				3C714597CD2C508B80AF6EDF /* NoteWidget.swift in Sources */,
				12AEA75BE6E4A1D23A4EA94B /* PairNotesWidgetBundle.swift in Sources */,
				792EC88070547DA186B79BA9 /* SharedWidgetContainer.swift in Sources */,
				EB06584FDC08EF358CF89DC8 /* WidgetAccessStore.swift in Sources */,
				5B006E734F3B73855F87435E /* WidgetRemoteClient.swift in Sources */,
				2C520D41EAAB762B6BA2836F /* CoupleThemeStyle.swift in Sources */,
				5A1E9DF83AE8C1FE2F14D263 /* PhotoWidget.swift in Sources */,
				94141462DA43246417BF507D /* CoupleDistancePresentation.swift in Sources */,
				53CF44C802DDB88D113A8063 /* PairPhotoActivityAttributes.swift in Sources */,
				53ECF3D241C9557C62387017 /* PhotoReactionIntents.swift in Sources */,
				C32A9C6D914F0A3B39C2511D /* WidgetProfileAvatar.swift in Sources */,
				AC1F607B183C69226EF7AAA8 /* WidgetLocationSampler.swift in Sources */,
				CF81529895D892B9AF7DF41F /* WidgetNotePaper.swift in Sources */,
				71008B407113C19722F14752 /* WidgetDistanceContent.swift in Sources */,
				BDE47EA26956DF1B2A2677E4 /* ReactionBubble.swift in Sources */,
			);
			runOnlyForDeploymentPostprocessing = 0;
		};
		7E140C69A17549CE2DF11F62 /* Sources */ = {
			isa = PBXSourcesBuildPhase;
			buildActionMask = 2147483647;
			files = (
				D2AB2A64F1DFFEECB674CF24 /* MonthlyReminderServiceTests.swift in Sources */,
				CCEFAC8F9CA9E6C5868DE613 /* NativeEditorPersistenceTests.swift in Sources */,
				B1806D56245935C0409D20A6 /* PaperRoundTripTests.swift in Sources */,
				10FE16011A699A54FFAC018B /* ServiceConfigurationTests.swift in Sources */,
				844B5BF37569650374C7A4AC /* WidgetRemoteClientTests.swift in Sources */,
				F992B53E17F8067A90A57555 /* WidgetProfileAvatarTests.swift in Sources */,
				3C10FF214F82D06F3592BB05 /* WidgetLocationRefreshTests.swift in Sources */,
				2A51503EB775F9B1A16F6722 /* WidgetNotePaperTests.swift in Sources */,
				D31E24AAC2480230712EC836 /* WidgetDistanceLayoutTests.swift in Sources */,
				C609A2E6A27FA7CE489DEF30 /* ChatComposerLayoutTests.swift in Sources */,
				4B0CFA5FF8FD945006ACFEFE /* MessageCompositionTests.swift in Sources */,
				FAC9D0B6B0C6413BEFB21533 /* ReactionBubbleTests.swift in Sources */,
				362C1A8DE2C3785B8A54AAAE /* CoupleChatHistoryTests.swift in Sources */,
				2F249FA988997A1A71D0C37C /* LetterComposerLayoutTests.swift in Sources */,
			);
			runOnlyForDeploymentPostprocessing = 0;
		};
		98924ADE7D6999882D26D78F /* Sources */ = {
			isa = PBXSourcesBuildPhase;
			buildActionMask = 2147483647;
			files = (
				0B2E9B917D8209D789F56EFC /* EditorInteractionTests.swift in Sources */,
				B0FA6C8D58CD010A67029629 /* ChatInteractionTests.swift in Sources */,
			);
			runOnlyForDeploymentPostprocessing = 0;
		};
/* End PBXSourcesBuildPhase section */

/* Begin PBXTargetDependency section */
		0896DB713B16569ACD460D9B /* PBXTargetDependency */ = {
			isa = PBXTargetDependency;
			name = PairNotes;
			target = B5BE837661CB644422626C97 /* PairNotes */;
			targetProxy = 4F488418B102B5581354ED0A /* PBXContainerItemProxy */;
		};
		2351E019B167BD44D1D2C36C /* PBXTargetDependency */ = {
			isa = PBXTargetDependency;
			name = PairNotes;
			target = B5BE837661CB644422626C97 /* PairNotes */;
			targetProxy = 25061B4498FD5C82FB0595BB /* PBXContainerItemProxy */;
		};
		44ABB1DFE1E723C99152A0D0 /* PBXTargetDependency */ = {
			isa = PBXTargetDependency;
			name = PairNotesWidgets;
			target = BA080A61F29101F70321C819 /* PairNotesWidgets */;
			targetProxy = 38D7D6970CF24E4B371F1275 /* PBXContainerItemProxy */;
		};
		858A3CF145D64EADC0DCD215 /* PBXTargetDependency */ = {
			isa = PBXTargetDependency;
			name = PairNotesCore;
			target = F97AA093B99F7DA208D4B93E /* PairNotesCore */;
			targetProxy = 55E8576C1E7FE5BDA5114C13 /* PBXContainerItemProxy */;
		};
		9DF43284E317F9DE0CB80AE7 /* PBXTargetDependency */ = {
			isa = PBXTargetDependency;
			name = PairNotesCore;
			target = F97AA093B99F7DA208D4B93E /* PairNotesCore */;
			targetProxy = EC2A7A1EB78CBFF110E94814 /* PBXContainerItemProxy */;
		};
		F718D765DBF0B95BB56EE367 /* PBXTargetDependency */ = {
			isa = PBXTargetDependency;
			name = PairNotesCore;
			target = F97AA093B99F7DA208D4B93E /* PairNotesCore */;
			targetProxy = BB609FE22398675316E5027F /* PBXContainerItemProxy */;
		};
/* End PBXTargetDependency section */

/* Begin XCBuildConfiguration section */
		01103B7D32F48B60C99EA8DF /* Debug */ = {
			isa = XCBuildConfiguration;
			buildSettings = {
				BUNDLE_LOADER = "$(TEST_HOST)";
				CLANG_ENABLE_OBJC_WEAK = NO;
				ENABLE_TESTABILITY = YES;
				GENERATE_INFOPLIST_FILE = YES;
				IPHONEOS_DEPLOYMENT_TARGET = 26.0;
				PRODUCT_BUNDLE_IDENTIFIER = "$(PAIRNOTES_BUNDLE_ID).PairNotesNativeTests";
				PRODUCT_NAME = "$(TARGET_NAME)";
				SDKROOT = iphoneos;
				SUPPORTED_PLATFORMS = "iphoneos iphonesimulator";
				SUPPORTS_MACCATALYST = NO;
				SWIFT_OPTIMIZATION_LEVEL = "-Onone";
				SWIFT_VERSION = 5.0;
				TARGETED_DEVICE_FAMILY = "1,2";
				TEST_HOST = "$(BUILT_PRODUCTS_DIR)/PairNotes.app/PairNotes";
			};
			name = Debug;
		};
		11A879F8073B192675BB0163 /* Debug */ = {
			isa = XCBuildConfiguration;
			buildSettings = {
				APPLICATION_EXTENSION_API_ONLY = YES;
				CLANG_ENABLE_OBJC_WEAK = NO;
				CODE_SIGN_ENTITLEMENTS = "$(WIDGET_ENTITLEMENTS)";
				ENABLE_TESTABILITY = YES;
				GENERATE_INFOPLIST_FILE = NO;
				INFOPLIST_FILE = "Config/Widget-Info.plist";
				IPHONEOS_DEPLOYMENT_TARGET = 26.0;
				LD_RUNPATH_SEARCH_PATHS = "$(inherited) @executable_path/Frameworks @executable_path/../../Frameworks";
				PRODUCT_BUNDLE_IDENTIFIER = "$(PAIRNOTES_BUNDLE_ID).widgets";
				PRODUCT_NAME = "$(TARGET_NAME)";
				PROVISIONING_PROFILE_SPECIFIER = "$(PAIRNOTES_WIDGET_PROFILE_SPECIFIER)";
				SDKROOT = iphoneos;
				SKIP_INSTALL = YES;
				SUPPORTED_PLATFORMS = "iphoneos iphonesimulator";
				SUPPORTS_MACCATALYST = NO;
				SWIFT_OPTIMIZATION_LEVEL = "-Onone";
				SWIFT_VERSION = 5.0;
				TARGETED_DEVICE_FAMILY = "1,2";
			};
			name = Debug;
		};
		1BACC44EAE7CF574922005E5 /* Release */ = {
			isa = XCBuildConfiguration;
			buildSettings = {
				CLANG_ENABLE_OBJC_WEAK = NO;
				GENERATE_INFOPLIST_FILE = YES;
				IPHONEOS_DEPLOYMENT_TARGET = 26.0;
				PRODUCT_BUNDLE_IDENTIFIER = "$(PAIRNOTES_BUNDLE_ID).PairNotesUITests";
				PRODUCT_NAME = "$(TARGET_NAME)";
				SDKROOT = iphoneos;
				SUPPORTED_PLATFORMS = "iphoneos iphonesimulator";
				SUPPORTS_MACCATALYST = NO;
				SWIFT_OPTIMIZATION_LEVEL = "-O";
				SWIFT_VERSION = 5.0;
				TARGETED_DEVICE_FAMILY = "1,2";
				TEST_TARGET_NAME = PairNotes;
				VALIDATE_PRODUCT = YES;
			};
			name = Release;
		};
		1C4353B64805453192BDEB74 /* Release */ = {
			isa = XCBuildConfiguration;
			buildSettings = {
				APPLICATION_EXTENSION_API_ONLY = YES;
				CLANG_ENABLE_OBJC_WEAK = NO;
				CODE_SIGNING_ALLOWED = NO;
				CURRENT_PROJECT_VERSION = 1;
				DEFINES_MODULE = YES;
				DYLIB_COMPATIBILITY_VERSION = 1;
				DYLIB_CURRENT_VERSION = 1;
				DYLIB_INSTALL_NAME_BASE = "@rpath";
				GENERATE_INFOPLIST_FILE = YES;
				INSTALL_PATH = "$(LOCAL_LIBRARY_DIR)/Frameworks";
				IPHONEOS_DEPLOYMENT_TARGET = 26.0;
				LD_RUNPATH_SEARCH_PATHS = "$(inherited) @executable_path/Frameworks @loader_path/Frameworks";
				MACH_O_TYPE = staticlib;
				PRODUCT_BUNDLE_IDENTIFIER = "$(PAIRNOTES_BUNDLE_ID).PairNotesCore";
				PRODUCT_NAME = "$(TARGET_NAME)";
				SDKROOT = iphoneos;
				SKIP_INSTALL = YES;
				SUPPORTED_PLATFORMS = "iphoneos iphonesimulator";
				SUPPORTS_MACCATALYST = NO;
				SWIFT_OPTIMIZATION_LEVEL = "-O";
				SWIFT_VERSION = 5.0;
				TARGETED_DEVICE_FAMILY = "1,2";
				VALIDATE_PRODUCT = YES;
				VERSIONING_SYSTEM = "apple-generic";
				VERSION_INFO_PREFIX = "";
			};
			name = Release;
		};
		6E7CDB35A993547BF65BD913 /* Debug */ = {
			isa = XCBuildConfiguration;
			buildSettings = {
				APPLICATION_EXTENSION_API_ONLY = YES;
				CLANG_ENABLE_OBJC_WEAK = NO;
				CODE_SIGNING_ALLOWED = NO;
				CURRENT_PROJECT_VERSION = 1;
				DEFINES_MODULE = YES;
				DYLIB_COMPATIBILITY_VERSION = 1;
				DYLIB_CURRENT_VERSION = 1;
				DYLIB_INSTALL_NAME_BASE = "@rpath";
				ENABLE_TESTABILITY = YES;
				GENERATE_INFOPLIST_FILE = YES;
				INSTALL_PATH = "$(LOCAL_LIBRARY_DIR)/Frameworks";
				IPHONEOS_DEPLOYMENT_TARGET = 26.0;
				LD_RUNPATH_SEARCH_PATHS = "$(inherited) @executable_path/Frameworks @loader_path/Frameworks";
				MACH_O_TYPE = staticlib;
				PRODUCT_BUNDLE_IDENTIFIER = "$(PAIRNOTES_BUNDLE_ID).PairNotesCore";
				PRODUCT_NAME = "$(TARGET_NAME)";
				SDKROOT = iphoneos;
				SKIP_INSTALL = YES;
				SUPPORTED_PLATFORMS = "iphoneos iphonesimulator";
				SUPPORTS_MACCATALYST = NO;
				SWIFT_OPTIMIZATION_LEVEL = "-Onone";
				SWIFT_VERSION = 5.0;
				TARGETED_DEVICE_FAMILY = "1,2";
				VERSIONING_SYSTEM = "apple-generic";
				VERSION_INFO_PREFIX = "";
			};
			name = Debug;
		};
		97AD99DDB9A21B207E3E8186 /* Release */ = {
			isa = XCBuildConfiguration;
			buildSettings = {
				ASSETCATALOG_COMPILER_APPICON_NAME = AppIcon;
				ASSETCATALOG_COMPILER_GLOBAL_ACCENT_COLOR_NAME = AccentColor;
				CLANG_ENABLE_OBJC_WEAK = NO;
				CODE_SIGN_ENTITLEMENTS = "$(APP_ENTITLEMENTS)";
				GENERATE_INFOPLIST_FILE = NO;
				INFOPLIST_FILE = "Config/App-Info.plist";
				IPHONEOS_DEPLOYMENT_TARGET = 26.0;
				LD_RUNPATH_SEARCH_PATHS = "$(inherited) @executable_path/Frameworks";
				OTHER_LDFLAGS = (
					"$(inherited)",
					"-ObjC",
				);
				PRODUCT_BUNDLE_IDENTIFIER = "$(PAIRNOTES_BUNDLE_ID)";
				PRODUCT_NAME = "$(TARGET_NAME)";
				PROVISIONING_PROFILE_SPECIFIER = "$(PAIRNOTES_APP_PROFILE_SPECIFIER)";
				SDKROOT = iphoneos;
				SUPPORTED_PLATFORMS = "iphoneos iphonesimulator";
				SUPPORTS_MACCATALYST = NO;
				SWIFT_OPTIMIZATION_LEVEL = "-O";
				SWIFT_VERSION = 5.0;
				TARGETED_DEVICE_FAMILY = "1,2";
				VALIDATE_PRODUCT = YES;
			};
			name = Release;
		};
		A89374BFF447DCCF4C7DE781 /* Debug */ = {
			isa = XCBuildConfiguration;
			buildSettings = {
				ASSETCATALOG_COMPILER_APPICON_NAME = AppIcon;
				ASSETCATALOG_COMPILER_GLOBAL_ACCENT_COLOR_NAME = AccentColor;
				CLANG_ENABLE_OBJC_WEAK = NO;
				CODE_SIGN_ENTITLEMENTS = "$(APP_ENTITLEMENTS)";
				ENABLE_TESTABILITY = YES;
				GENERATE_INFOPLIST_FILE = NO;
				INFOPLIST_FILE = "Config/App-Info.plist";
				IPHONEOS_DEPLOYMENT_TARGET = 26.0;
				LD_RUNPATH_SEARCH_PATHS = "$(inherited) @executable_path/Frameworks";
				OTHER_LDFLAGS = (
					"$(inherited)",
					"-ObjC",
				);
				PRODUCT_BUNDLE_IDENTIFIER = "$(PAIRNOTES_BUNDLE_ID)";
				PRODUCT_NAME = "$(TARGET_NAME)";
				PROVISIONING_PROFILE_SPECIFIER = "$(PAIRNOTES_APP_PROFILE_SPECIFIER)";
				SDKROOT = iphoneos;
				SUPPORTED_PLATFORMS = "iphoneos iphonesimulator";
				SUPPORTS_MACCATALYST = NO;
				SWIFT_ACTIVE_COMPILATION_CONDITIONS = "$(inherited) DEBUG";
				SWIFT_OPTIMIZATION_LEVEL = "-Onone";
				SWIFT_VERSION = 5.0;
				TARGETED_DEVICE_FAMILY = "1,2";
			};
			name = Debug;
		};
		AF09EA4656DA364C44A5F8B6 /* Debug */ = {
			isa = XCBuildConfiguration;
			baseConfigurationReference = 7E255A1974FAD74DE28CBDD2 /* Base.xcconfig */;
			buildSettings = {
				ALWAYS_SEARCH_USER_PATHS = NO;
				CLANG_ANALYZER_NONNULL = YES;
				CLANG_ANALYZER_NUMBER_OBJECT_CONVERSION = YES_AGGRESSIVE;
				CLANG_CXX_LANGUAGE_STANDARD = "gnu++14";
				CLANG_CXX_LIBRARY = "libc++";
				CLANG_ENABLE_MODULES = YES;
				CLANG_ENABLE_OBJC_ARC = YES;
				CLANG_ENABLE_OBJC_WEAK = YES;
				CLANG_WARN_BLOCK_CAPTURE_AUTORELEASING = YES;
				CLANG_WARN_BOOL_CONVERSION = YES;
				CLANG_WARN_COMMA = YES;
				CLANG_WARN_CONSTANT_CONVERSION = YES;
				CLANG_WARN_DEPRECATED_OBJC_IMPLEMENTATIONS = YES;
				CLANG_WARN_DIRECT_OBJC_ISA_USAGE = YES_ERROR;
				CLANG_WARN_DOCUMENTATION_COMMENTS = YES;
				CLANG_WARN_EMPTY_BODY = YES;
				CLANG_WARN_ENUM_CONVERSION = YES;
				CLANG_WARN_INFINITE_RECURSION = YES;
				CLANG_WARN_INT_CONVERSION = YES;
				CLANG_WARN_NON_LITERAL_NULL_CONVERSION = YES;
				CLANG_WARN_OBJC_IMPLICIT_RETAIN_SELF = YES;
				CLANG_WARN_OBJC_LITERAL_CONVERSION = YES;
				CLANG_WARN_OBJC_ROOT_CLASS = YES_ERROR;
				CLANG_WARN_QUOTED_INCLUDE_IN_FRAMEWORK_HEADER = YES;
				CLANG_WARN_RANGE_LOOP_ANALYSIS = YES;
				CLANG_WARN_STRICT_PROTOTYPES = YES;
				CLANG_WARN_SUSPICIOUS_MOVE = YES;
				CLANG_WARN_UNGUARDED_AVAILABILITY = YES_AGGRESSIVE;
				CLANG_WARN_UNREACHABLE_CODE = YES;
				CLANG_WARN__DUPLICATE_METHOD_MATCH = YES;
				COPY_PHASE_STRIP = NO;
				DEBUG_INFORMATION_FORMAT = dwarf;
				ENABLE_STRICT_OBJC_MSGSEND = YES;
				ENABLE_TESTABILITY = YES;
				GCC_C_LANGUAGE_STANDARD = gnu11;
				GCC_DYNAMIC_NO_PIC = NO;
				GCC_NO_COMMON_BLOCKS = YES;
				GCC_OPTIMIZATION_LEVEL = 0;
				GCC_PREPROCESSOR_DEFINITIONS = (
					"DEBUG=1",
					"$(inherited)",
				);
				GCC_WARN_64_TO_32_BIT_CONVERSION = YES;
				GCC_WARN_ABOUT_RETURN_TYPE = YES_ERROR;
				GCC_WARN_UNDECLARED_SELECTOR = YES;
				GCC_WARN_UNINITIALIZED_AUTOS = YES_AGGRESSIVE;
				GCC_WARN_UNUSED_FUNCTION = YES;
				GCC_WARN_UNUSED_VARIABLE = YES;
				IPHONEOS_DEPLOYMENT_TARGET = 26.0;
				MTL_ENABLE_DEBUG_INFO = INCLUDE_SOURCE;
				MTL_FAST_MATH = YES;
				ONLY_ACTIVE_ARCH = YES;
				PRODUCT_NAME = "$(TARGET_NAME)";
				SWIFT_ACTIVE_COMPILATION_CONDITIONS = DEBUG;
				SWIFT_OPTIMIZATION_LEVEL = "-Onone";
				SWIFT_VERSION = 5.0;
			};
			name = Debug;
		};
		BEAB7C2F9401698D41AD98B7 /* Release */ = {
			isa = XCBuildConfiguration;
			baseConfigurationReference = 7E255A1974FAD74DE28CBDD2 /* Base.xcconfig */;
			buildSettings = {
				ALWAYS_SEARCH_USER_PATHS = NO;
				CLANG_ANALYZER_NONNULL = YES;
				CLANG_ANALYZER_NUMBER_OBJECT_CONVERSION = YES_AGGRESSIVE;
				CLANG_CXX_LANGUAGE_STANDARD = "gnu++14";
				CLANG_CXX_LIBRARY = "libc++";
				CLANG_ENABLE_MODULES = YES;
				CLANG_ENABLE_OBJC_ARC = YES;
				CLANG_ENABLE_OBJC_WEAK = YES;
				CLANG_WARN_BLOCK_CAPTURE_AUTORELEASING = YES;
				CLANG_WARN_BOOL_CONVERSION = YES;
				CLANG_WARN_COMMA = YES;
				CLANG_WARN_CONSTANT_CONVERSION = YES;
				CLANG_WARN_DEPRECATED_OBJC_IMPLEMENTATIONS = YES;
				CLANG_WARN_DIRECT_OBJC_ISA_USAGE = YES_ERROR;
				CLANG_WARN_DOCUMENTATION_COMMENTS = YES;
				CLANG_WARN_EMPTY_BODY = YES;
				CLANG_WARN_ENUM_CONVERSION = YES;
				CLANG_WARN_INFINITE_RECURSION = YES;
				CLANG_WARN_INT_CONVERSION = YES;
				CLANG_WARN_NON_LITERAL_NULL_CONVERSION = YES;
				CLANG_WARN_OBJC_IMPLICIT_RETAIN_SELF = YES;
				CLANG_WARN_OBJC_LITERAL_CONVERSION = YES;
				CLANG_WARN_OBJC_ROOT_CLASS = YES_ERROR;
				CLANG_WARN_QUOTED_INCLUDE_IN_FRAMEWORK_HEADER = YES;
				CLANG_WARN_RANGE_LOOP_ANALYSIS = YES;
				CLANG_WARN_STRICT_PROTOTYPES = YES;
				CLANG_WARN_SUSPICIOUS_MOVE = YES;
				CLANG_WARN_UNGUARDED_AVAILABILITY = YES_AGGRESSIVE;
				CLANG_WARN_UNREACHABLE_CODE = YES;
				CLANG_WARN__DUPLICATE_METHOD_MATCH = YES;
				COPY_PHASE_STRIP = NO;
				DEBUG_INFORMATION_FORMAT = "dwarf-with-dsym";
				ENABLE_NS_ASSERTIONS = NO;
				ENABLE_STRICT_OBJC_MSGSEND = YES;
				GCC_C_LANGUAGE_STANDARD = gnu11;
				GCC_NO_COMMON_BLOCKS = YES;
				GCC_WARN_64_TO_32_BIT_CONVERSION = YES;
				GCC_WARN_ABOUT_RETURN_TYPE = YES_ERROR;
				GCC_WARN_UNDECLARED_SELECTOR = YES;
				GCC_WARN_UNINITIALIZED_AUTOS = YES_AGGRESSIVE;
				GCC_WARN_UNUSED_FUNCTION = YES;
				GCC_WARN_UNUSED_VARIABLE = YES;
				IPHONEOS_DEPLOYMENT_TARGET = 26.0;
				MTL_ENABLE_DEBUG_INFO = NO;
				MTL_FAST_MATH = YES;
				PRODUCT_NAME = "$(TARGET_NAME)";
				SWIFT_COMPILATION_MODE = wholemodule;
				SWIFT_OPTIMIZATION_LEVEL = "-O";
				SWIFT_VERSION = 5.0;
			};
			name = Release;
		};
		C09952F33FE34859F98F4BDA /* Release */ = {
			isa = XCBuildConfiguration;
			buildSettings = {
				BUNDLE_LOADER = "$(TEST_HOST)";
				CLANG_ENABLE_OBJC_WEAK = NO;
				GENERATE_INFOPLIST_FILE = YES;
				IPHONEOS_DEPLOYMENT_TARGET = 26.0;
				PRODUCT_BUNDLE_IDENTIFIER = "$(PAIRNOTES_BUNDLE_ID).PairNotesNativeTests";
				PRODUCT_NAME = "$(TARGET_NAME)";
				SDKROOT = iphoneos;
				SUPPORTED_PLATFORMS = "iphoneos iphonesimulator";
				SUPPORTS_MACCATALYST = NO;
				SWIFT_OPTIMIZATION_LEVEL = "-O";
				SWIFT_VERSION = 5.0;
				TARGETED_DEVICE_FAMILY = "1,2";
				TEST_HOST = "$(BUILT_PRODUCTS_DIR)/PairNotes.app/PairNotes";
				VALIDATE_PRODUCT = YES;
			};
			name = Release;
		};
		CD93C6F21E8624C48833CB47 /* Release */ = {
			isa = XCBuildConfiguration;
			buildSettings = {
				APPLICATION_EXTENSION_API_ONLY = YES;
				CLANG_ENABLE_OBJC_WEAK = NO;
				CODE_SIGN_ENTITLEMENTS = "$(WIDGET_ENTITLEMENTS)";
				GENERATE_INFOPLIST_FILE = NO;
				INFOPLIST_FILE = "Config/Widget-Info.plist";
				IPHONEOS_DEPLOYMENT_TARGET = 26.0;
				LD_RUNPATH_SEARCH_PATHS = "$(inherited) @executable_path/Frameworks @executable_path/../../Frameworks";
				PRODUCT_BUNDLE_IDENTIFIER = "$(PAIRNOTES_BUNDLE_ID).widgets";
				PRODUCT_NAME = "$(TARGET_NAME)";
				PROVISIONING_PROFILE_SPECIFIER = "$(PAIRNOTES_WIDGET_PROFILE_SPECIFIER)";
				SDKROOT = iphoneos;
				SKIP_INSTALL = YES;
				SUPPORTED_PLATFORMS = "iphoneos iphonesimulator";
				SUPPORTS_MACCATALYST = NO;
				SWIFT_OPTIMIZATION_LEVEL = "-O";
				SWIFT_VERSION = 5.0;
				TARGETED_DEVICE_FAMILY = "1,2";
				VALIDATE_PRODUCT = YES;
			};
			name = Release;
		};
		D3F3C8292CEB5858992205BD /* Debug */ = {
			isa = XCBuildConfiguration;
			buildSettings = {
				CLANG_ENABLE_OBJC_WEAK = NO;
				ENABLE_TESTABILITY = YES;
				GENERATE_INFOPLIST_FILE = YES;
				IPHONEOS_DEPLOYMENT_TARGET = 26.0;
				PRODUCT_BUNDLE_IDENTIFIER = "$(PAIRNOTES_BUNDLE_ID).PairNotesUITests";
				PRODUCT_NAME = "$(TARGET_NAME)";
				SDKROOT = iphoneos;
				SUPPORTED_PLATFORMS = "iphoneos iphonesimulator";
				SUPPORTS_MACCATALYST = NO;
				SWIFT_OPTIMIZATION_LEVEL = "-Onone";
				SWIFT_VERSION = 5.0;
				TARGETED_DEVICE_FAMILY = "1,2";
				TEST_TARGET_NAME = PairNotes;
			};
			name = Debug;
		};
/* End XCBuildConfiguration section */

/* Begin XCConfigurationList section */
		4F0A3343EDE736443D8E13E4 /* Build configuration list for PBXNativeTarget "PairNotesNativeTests" */ = {
			isa = XCConfigurationList;
			buildConfigurations = (
				C09952F33FE34859F98F4BDA /* Release */,
				01103B7D32F48B60C99EA8DF /* Debug */,
			);
			defaultConfigurationIsVisible = 0;
			defaultConfigurationName = Release;
		};
		669C35E1D744F96E98F93616 /* Build configuration list for PBXNativeTarget "PairNotes" */ = {
			isa = XCConfigurationList;
			buildConfigurations = (
				97AD99DDB9A21B207E3E8186 /* Release */,
				A89374BFF447DCCF4C7DE781 /* Debug */,
			);
			defaultConfigurationIsVisible = 0;
			defaultConfigurationName = Release;
		};
		BCAE131C02A153D02957E43B /* Build configuration list for PBXNativeTarget "PairNotesCore" */ = {
			isa = XCConfigurationList;
			buildConfigurations = (
				1C4353B64805453192BDEB74 /* Release */,
				6E7CDB35A993547BF65BD913 /* Debug */,
			);
			defaultConfigurationIsVisible = 0;
			defaultConfigurationName = Release;
		};
		C4EF310719846389A54F7056 /* Build configuration list for PBXProject "PairNotes" */ = {
			isa = XCConfigurationList;
			buildConfigurations = (
				AF09EA4656DA364C44A5F8B6 /* Debug */,
				BEAB7C2F9401698D41AD98B7 /* Release */,
			);
			defaultConfigurationIsVisible = 0;
			defaultConfigurationName = Release;
		};
		DDD5B332957E1D6648DBCDC9 /* Build configuration list for PBXNativeTarget "PairNotesUITests" */ = {
			isa = XCConfigurationList;
			buildConfigurations = (
				1BACC44EAE7CF574922005E5 /* Release */,
				D3F3C8292CEB5858992205BD /* Debug */,
			);
			defaultConfigurationIsVisible = 0;
			defaultConfigurationName = Release;
		};
		EF15E17E66B29722D8A84A22 /* Build configuration list for PBXNativeTarget "PairNotesWidgets" */ = {
			isa = XCConfigurationList;
			buildConfigurations = (
				CD93C6F21E8624C48833CB47 /* Release */,
				11A879F8073B192675BB0163 /* Debug */,
			);
			defaultConfigurationIsVisible = 0;
			defaultConfigurationName = Release;
		};
/* End XCConfigurationList section */

/* Begin XCRemoteSwiftPackageReference section */
		18DEE205493E38649C98ED12 /* XCRemoteSwiftPackageReference "GoogleSignIn-iOS" */ = {
			isa = XCRemoteSwiftPackageReference;
			repositoryURL = "https://github.com/google/GoogleSignIn-iOS.git";
			requirement = {
				kind = exactVersion;
				version = 9.2.0;
			};
		};
/* End XCRemoteSwiftPackageReference section */

/* Begin XCSwiftPackageProductDependency section */
		F996176B4DB95C808F341726 /* GoogleSignIn */ = {
			isa = XCSwiftPackageProductDependency;
			package = 18DEE205493E38649C98ED12 /* XCRemoteSwiftPackageReference "GoogleSignIn-iOS" */;
			productName = GoogleSignIn;
		};
/* End XCSwiftPackageProductDependency section */
	};
	rootObject = 521BA4D92B520A6F3DAC5ABC /* Project object */;
}
